// !$*UTF8*$!
{
	archiveVersion = 1;
	classes = {
	};
	objectVersion = 46;
	objects = {

/* Begin PBXBuildFile section */
		34418A7C18EF214C00F1D2A1 /* Foundation.framework in Frameworks */ = {isa = PBXBuildFile; fileRef = 34418A7B18EF214C00F1D2A1 /* Foundation.framework */; };
		34418A7E18EF214C00F1D2A1 /* CoreGraphics.framework in Frameworks */ = {isa = PBXBuildFile; fileRef = 34418A7D18EF214C00F1D2A1 /* CoreGraphics.framework */; };
		34418A8018EF214C00F1D2A1 /* UIKit.framework in Frameworks */ = {isa = PBXBuildFile; fileRef = 34418A7F18EF214C00F1D2A1 /* UIKit.framework */; };
		34418A8618EF214C00F1D2A1 /* InfoPlist.strings in Resources */ = {isa = PBXBuildFile; fileRef = 34418A8418EF214C00F1D2A1 /* InfoPlist.strings */; };
		34418A8818EF214C00F1D2A1 /* main.m in Sources */ = {isa = PBXBuildFile; fileRef = 34418A8718EF214C00F1D2A1 /* main.m */; };
		34418A8C18EF214C00F1D2A1 /* K9AppDelegate.m in Sources */ = {isa = PBXBuildFile; fileRef = 34418A8B18EF214C00F1D2A1 /* K9AppDelegate.m */; };
		34418A8E18EF214C00F1D2A1 /* Images.xcassets in Resources */ = {isa = PBXBuildFile; fileRef = 34418A8D18EF214C00F1D2A1 /* Images.xcassets */; };
		34418A9518EF214C00F1D2A1 /* XCTest.framework in Frameworks */ = {isa = PBXBuildFile; fileRef = 34418A9418EF214C00F1D2A1 /* XCTest.framework */; };
		34418A9618EF214C00F1D2A1 /* Foundation.framework in Frameworks */ = {isa = PBXBuildFile; fileRef = 34418A7B18EF214C00F1D2A1 /* Foundation.framework */; };
		34418A9718EF214C00F1D2A1 /* UIKit.framework in Frameworks */ = {isa = PBXBuildFile; fileRef = 34418A7F18EF214C00F1D2A1 /* UIKit.framework */; };
		34418A9F18EF214C00F1D2A1 /* InfoPlist.strings in Resources */ = {isa = PBXBuildFile; fileRef = 34418A9D18EF214C00F1D2A1 /* InfoPlist.strings */; };
		34418AA118EF214C00F1D2A1 /* FIDO_K9Tests.m in Sources */ = {isa = PBXBuildFile; fileRef = 34418AA018EF214C00F1D2A1 /* FIDO_K9Tests.m */; };
		34418AAB18EF23CD00F1D2A1 /* MainStoryboard_iPhone.storyboard in Resources */ = {isa = PBXBuildFile; fileRef = 34418AAA18EF23CD00F1D2A1 /* MainStoryboard_iPhone.storyboard */; };
		348D9F3418EF2D190051C9C8 /* K9DogNavigationViewController.m in Sources */ = {isa = PBXBuildFile; fileRef = 348D9F3318EF2D190051C9C8 /* K9DogNavigationViewController.m */; };
		348D9F3718EF329A0051C9C8 /* K9DogListViewController.m in Sources */ = {isa = PBXBuildFile; fileRef = 348D9F3618EF329A0051C9C8 /* K9DogListViewController.m */; };
		348D9F3B18EF35E80051C9C8 /* K9DogViewController.m in Sources */ = {isa = PBXBuildFile; fileRef = 348D9F3A18EF35E80051C9C8 /* K9DogViewController.m */; };
		34D820B118F069830098D7EC /* K9DogDetailViewController.m in Sources */ = {isa = PBXBuildFile; fileRef = 34D820B018F069830098D7EC /* K9DogDetailViewController.m */; };
		34D820B418F071950098D7EC /* K9RecentEventsViewController.m in Sources */ = {isa = PBXBuildFile; fileRef = 34D820B318F071950098D7EC /* K9RecentEventsViewController.m */; };
		34D820B918F093540098D7EC /* K9EventViewController.m in Sources */ = {isa = PBXBuildFile; fileRef = 34D820B818F093540098D7EC /* K9EventViewController.m */; };
/* End PBXBuildFile section */

/* Begin PBXContainerItemProxy section */
		34418A9818EF214C00F1D2A1 /* PBXContainerItemProxy */ = {
			isa = PBXContainerItemProxy;
			containerPortal = 34418A7018EF214C00F1D2A1 /* Project object */;
			proxyType = 1;
			remoteGlobalIDString = 34418A7718EF214C00F1D2A1;
			remoteInfo = "FIDO K9";
		};
/* End PBXContainerItemProxy section */

/* Begin PBXFileReference section */
		34418A7818EF214C00F1D2A1 /* FIDO.app */ = {isa = PBXFileReference; explicitFileType = wrapper.application; includeInIndex = 0; path = FIDO.app; sourceTree = BUILT_PRODUCTS_DIR; };
		34418A7B18EF214C00F1D2A1 /* Foundation.framework */ = {isa = PBXFileReference; lastKnownFileType = wrapper.framework; name = Foundation.framework; path = System/Library/Frameworks/Foundation.framework; sourceTree = SDKROOT; };
		34418A7D18EF214C00F1D2A1 /* CoreGraphics.framework */ = {isa = PBXFileReference; lastKnownFileType = wrapper.framework; name = CoreGraphics.framework; path = System/Library/Frameworks/CoreGraphics.framework; sourceTree = SDKROOT; };
		34418A7F18EF214C00F1D2A1 /* UIKit.framework */ = {isa = PBXFileReference; lastKnownFileType = wrapper.framework; name = UIKit.framework; path = System/Library/Frameworks/UIKit.framework; sourceTree = SDKROOT; };
		34418A8318EF214C00F1D2A1 /* FIDO K9-Info.plist */ = {isa = PBXFileReference; lastKnownFileType = text.plist.xml; path = "FIDO K9-Info.plist"; sourceTree = "<group>"; };
		34418A8518EF214C00F1D2A1 /* en */ = {isa = PBXFileReference; lastKnownFileType = text.plist.strings; name = en; path = en.lproj/InfoPlist.strings; sourceTree = "<group>"; };
		34418A8718EF214C00F1D2A1 /* main.m */ = {isa = PBXFileReference; lastKnownFileType = sourcecode.c.objc; path = main.m; sourceTree = "<group>"; };
		34418A8918EF214C00F1D2A1 /* FIDO K9-Prefix.pch */ = {isa = PBXFileReference; lastKnownFileType = sourcecode.c.h; path = "FIDO K9-Prefix.pch"; sourceTree = "<group>"; };
		34418A8A18EF214C00F1D2A1 /* K9AppDelegate.h */ = {isa = PBXFileReference; lastKnownFileType = sourcecode.c.h; path = K9AppDelegate.h; sourceTree = "<group>"; };
		34418A8B18EF214C00F1D2A1 /* K9AppDelegate.m */ = {isa = PBXFileReference; lastKnownFileType = sourcecode.c.objc; path = K9AppDelegate.m; sourceTree = "<group>"; };
		34418A8D18EF214C00F1D2A1 /* Images.xcassets */ = {isa = PBXFileReference; lastKnownFileType = folder.assetcatalog; path = Images.xcassets; sourceTree = "<group>"; };
		34418A9318EF214C00F1D2A1 /* FIDO K9Tests.xctest */ = {isa = PBXFileReference; explicitFileType = wrapper.cfbundle; includeInIndex = 0; path = "FIDO K9Tests.xctest"; sourceTree = BUILT_PRODUCTS_DIR; };
		34418A9418EF214C00F1D2A1 /* XCTest.framework */ = {isa = PBXFileReference; lastKnownFileType = wrapper.framework; name = XCTest.framework; path = Library/Frameworks/XCTest.framework; sourceTree = DEVELOPER_DIR; };
		34418A9C18EF214C00F1D2A1 /* FIDO K9Tests-Info.plist */ = {isa = PBXFileReference; lastKnownFileType = text.plist.xml; path = "FIDO K9Tests-Info.plist"; sourceTree = "<group>"; };
		34418A9E18EF214C00F1D2A1 /* en */ = {isa = PBXFileReference; lastKnownFileType = text.plist.strings; name = en; path = en.lproj/InfoPlist.strings; sourceTree = "<group>"; };
		34418AA018EF214C00F1D2A1 /* FIDO_K9Tests.m */ = {isa = PBXFileReference; lastKnownFileType = sourcecode.c.objc; path = FIDO_K9Tests.m; sourceTree = "<group>"; };
		34418AAA18EF23CD00F1D2A1 /* MainStoryboard_iPhone.storyboard */ = {isa = PBXFileReference; fileEncoding = 4; lastKnownFileType = file.storyboard; path = MainStoryboard_iPhone.storyboard; sourceTree = "<group>"; };
		348D9F3218EF2D190051C9C8 /* K9DogNavigationViewController.h */ = {isa = PBXFileReference; fileEncoding = 4; lastKnownFileType = sourcecode.c.h; path = K9DogNavigationViewController.h; sourceTree = "<group>"; };
		348D9F3318EF2D190051C9C8 /* K9DogNavigationViewController.m */ = {isa = PBXFileReference; fileEncoding = 4; lastKnownFileType = sourcecode.c.objc; path = K9DogNavigationViewController.m; sourceTree = "<group>"; };
		348D9F3518EF329A0051C9C8 /* K9DogListViewController.h */ = {isa = PBXFileReference; fileEncoding = 4; lastKnownFileType = sourcecode.c.h; path = K9DogListViewController.h; sourceTree = "<group>"; };
		348D9F3618EF329A0051C9C8 /* K9DogListViewController.m */ = {isa = PBXFileReference; fileEncoding = 4; lastKnownFileType = sourcecode.c.objc; path = K9DogListViewController.m; sourceTree = "<group>"; };
		348D9F3918EF35E80051C9C8 /* K9DogViewController.h */ = {isa = PBXFileReference; fileEncoding = 4; lastKnownFileType = sourcecode.c.h; path = K9DogViewController.h; sourceTree = "<group>"; };
		348D9F3A18EF35E80051C9C8 /* K9DogViewController.m */ = {isa = PBXFileReference; fileEncoding = 4; lastKnownFileType = sourcecode.c.objc; path = K9DogViewController.m; sourceTree = "<group>"; };
		34D820AF18F069830098D7EC /* K9DogDetailViewController.h */ = {isa = PBXFileReference; fileEncoding = 4; lastKnownFileType = sourcecode.c.h; path = K9DogDetailViewController.h; sourceTree = "<group>"; };
		34D820B018F069830098D7EC /* K9DogDetailViewController.m */ = {isa = PBXFileReference; fileEncoding = 4; lastKnownFileType = sourcecode.c.objc; path = K9DogDetailViewController.m; sourceTree = "<group>"; };
		34D820B218F071950098D7EC /* K9RecentEventsViewController.h */ = {isa = PBXFileReference; fileEncoding = 4; lastKnownFileType = sourcecode.c.h; path = K9RecentEventsViewController.h; sourceTree = "<group>"; };
		34D820B318F071950098D7EC /* K9RecentEventsViewController.m */ = {isa = PBXFileReference; fileEncoding = 4; lastKnownFileType = sourcecode.c.objc; path = K9RecentEventsViewController.m; sourceTree = "<group>"; };
		34D820B718F093540098D7EC /* K9EventViewController.h */ = {isa = PBXFileReference; fileEncoding = 4; lastKnownFileType = sourcecode.c.h; path = K9EventViewController.h; sourceTree = "<group>"; };
		34D820B818F093540098D7EC /* K9EventViewController.m */ = {isa = PBXFileReference; fileEncoding = 4; lastKnownFileType = sourcecode.c.objc; path = K9EventViewController.m; sourceTree = "<group>"; };
/* End PBXFileReference section */

/* Begin PBXFrameworksBuildPhase section */
		34418A7518EF214C00F1D2A1 /* Frameworks */ = {
			isa = PBXFrameworksBuildPhase;
			buildActionMask = 2147483647;
			files = (
				34418A7E18EF214C00F1D2A1 /* CoreGraphics.framework in Frameworks */,
				34418A8018EF214C00F1D2A1 /* UIKit.framework in Frameworks */,
				34418A7C18EF214C00F1D2A1 /* Foundation.framework in Frameworks */,
			);
			runOnlyForDeploymentPostprocessing = 0;
		};
		34418A9018EF214C00F1D2A1 /* Frameworks */ = {
			isa = PBXFrameworksBuildPhase;
			buildActionMask = 2147483647;
			files = (
				34418A9518EF214C00F1D2A1 /* XCTest.framework in Frameworks */,
				34418A9718EF214C00F1D2A1 /* UIKit.framework in Frameworks */,
				34418A9618EF214C00F1D2A1 /* Foundation.framework in Frameworks */,
			);
			runOnlyForDeploymentPostprocessing = 0;
		};
/* End PBXFrameworksBuildPhase section */

/* Begin PBXGroup section */
		34418A6F18EF214C00F1D2A1 = {
			isa = PBXGroup;
			children = (
				34418A8118EF214C00F1D2A1 /* FIDO K9 */,
				34418A9A18EF214C00F1D2A1 /* FIDO K9Tests */,
				34418A7A18EF214C00F1D2A1 /* Frameworks */,
				34418A7918EF214C00F1D2A1 /* Products */,
			);
			sourceTree = "<group>";
		};
		34418A7918EF214C00F1D2A1 /* Products */ = {
			isa = PBXGroup;
			children = (
				34418A7818EF214C00F1D2A1 /* FIDO.app */,
				34418A9318EF214C00F1D2A1 /* FIDO K9Tests.xctest */,
			);
			name = Products;
			sourceTree = "<group>";
		};
		34418A7A18EF214C00F1D2A1 /* Frameworks */ = {
			isa = PBXGroup;
			children = (
				34418A7B18EF214C00F1D2A1 /* Foundation.framework */,
				34418A7D18EF214C00F1D2A1 /* CoreGraphics.framework */,
				34418A7F18EF214C00F1D2A1 /* UIKit.framework */,
				34418A9418EF214C00F1D2A1 /* XCTest.framework */,
			);
			name = Frameworks;
			sourceTree = "<group>";
		};
		34418A8118EF214C00F1D2A1 /* FIDO K9 */ = {
			isa = PBXGroup;
			children = (
				34418A8A18EF214C00F1D2A1 /* K9AppDelegate.h */,
				34418A8B18EF214C00F1D2A1 /* K9AppDelegate.m */,
				348D9F3818EF34A20051C9C8 /* ViewControllers */,
				34418AAA18EF23CD00F1D2A1 /* MainStoryboard_iPhone.storyboard */,
				34418A8D18EF214C00F1D2A1 /* Images.xcassets */,
				34418A8218EF214C00F1D2A1 /* Supporting Files */,
			);
			path = "FIDO K9";
			sourceTree = "<group>";
		};
		34418A8218EF214C00F1D2A1 /* Supporting Files */ = {
			isa = PBXGroup;
			children = (
				34418A8318EF214C00F1D2A1 /* FIDO K9-Info.plist */,
				34418A8418EF214C00F1D2A1 /* InfoPlist.strings */,
				34418A8718EF214C00F1D2A1 /* main.m */,
				34418A8918EF214C00F1D2A1 /* FIDO K9-Prefix.pch */,
			);
			name = "Supporting Files";
			sourceTree = "<group>";
		};
		34418A9A18EF214C00F1D2A1 /* FIDO K9Tests */ = {
			isa = PBXGroup;
			children = (
				34418AA018EF214C00F1D2A1 /* FIDO_K9Tests.m */,
				34418A9B18EF214C00F1D2A1 /* Supporting Files */,
			);
			path = "FIDO K9Tests";
			sourceTree = "<group>";
		};
		34418A9B18EF214C00F1D2A1 /* Supporting Files */ = {
			isa = PBXGroup;
			children = (
				34418A9C18EF214C00F1D2A1 /* FIDO K9Tests-Info.plist */,
				34418A9D18EF214C00F1D2A1 /* InfoPlist.strings */,
			);
			name = "Supporting Files";
			sourceTree = "<group>";
		};
		348D9F3818EF34A20051C9C8 /* ViewControllers */ = {
			isa = PBXGroup;
			children = (
				34D820B618F071AE0098D7EC /* Event List + Details */,
				34D820B518F0719C0098D7EC /* Dog List + Details */,
			);
			name = ViewControllers;
			sourceTree = "<group>";
		};
		34D820B518F0719C0098D7EC /* Dog List + Details */ = {
			isa = PBXGroup;
			children = (
				348D9F3218EF2D190051C9C8 /* K9DogNavigationViewController.h */,
				348D9F3318EF2D190051C9C8 /* K9DogNavigationViewController.m */,
				348D9F3518EF329A0051C9C8 /* K9DogListViewController.h */,
				348D9F3618EF329A0051C9C8 /* K9DogListViewController.m */,
				348D9F3918EF35E80051C9C8 /* K9DogViewController.h */,
				348D9F3A18EF35E80051C9C8 /* K9DogViewController.m */,
				34D820AF18F069830098D7EC /* K9DogDetailViewController.h */,
				34D820B018F069830098D7EC /* K9DogDetailViewController.m */,
			);
			name = "Dog List + Details";
			sourceTree = "<group>";
		};
		34D820B618F071AE0098D7EC /* Event List + Details */ = {
			isa = PBXGroup;
			children = (
				34D820B218F071950098D7EC /* K9RecentEventsViewController.h */,
				34D820B318F071950098D7EC /* K9RecentEventsViewController.m */,
				34D820B718F093540098D7EC /* K9EventViewController.h */,
				34D820B818F093540098D7EC /* K9EventViewController.m */,
			);
			name = "Event List + Details";
			sourceTree = "<group>";
		};
/* End PBXGroup section */

/* Begin PBXNativeTarget section */
		34418A7718EF214C00F1D2A1 /* FIDO */ = {
			isa = PBXNativeTarget;
			buildConfigurationList = 34418AA418EF214D00F1D2A1 /* Build configuration list for PBXNativeTarget "FIDO" */;
			buildPhases = (
				34418A7418EF214C00F1D2A1 /* Sources */,
				34418A7518EF214C00F1D2A1 /* Frameworks */,
				34418A7618EF214C00F1D2A1 /* Resources */,
			);
			buildRules = (
			);
			dependencies = (
			);
			name = FIDO;
			productName = "FIDO K9";
			productReference = 34418A7818EF214C00F1D2A1 /* FIDO.app */;
			productType = "com.apple.product-type.application";
		};
		34418A9218EF214C00F1D2A1 /* FIDO K9Tests */ = {
			isa = PBXNativeTarget;
			buildConfigurationList = 34418AA718EF214D00F1D2A1 /* Build configuration list for PBXNativeTarget "FIDO K9Tests" */;
			buildPhases = (
				34418A8F18EF214C00F1D2A1 /* Sources */,
				34418A9018EF214C00F1D2A1 /* Frameworks */,
				34418A9118EF214C00F1D2A1 /* Resources */,
			);
			buildRules = (
			);
			dependencies = (
				34418A9918EF214C00F1D2A1 /* PBXTargetDependency */,
			);
			name = "FIDO K9Tests";
			productName = "FIDO K9Tests";
			productReference = 34418A9318EF214C00F1D2A1 /* FIDO K9Tests.xctest */;
			productType = "com.apple.product-type.bundle.unit-test";
		};
/* End PBXNativeTarget section */

/* Begin PBXProject section */
		34418A7018EF214C00F1D2A1 /* Project object */ = {
			isa = PBXProject;
			attributes = {
				CLASSPREFIX = K9;
				LastUpgradeCheck = 0510;
				ORGANIZATIONNAME = FIDO;
				TargetAttributes = {
					34418A9218EF214C00F1D2A1 = {
						TestTargetID = 34418A7718EF214C00F1D2A1;
					};
				};
			};
			buildConfigurationList = 34418A7318EF214C00F1D2A1 /* Build configuration list for PBXProject "FIDO K9" */;
			compatibilityVersion = "Xcode 3.2";
			developmentRegion = English;
			hasScannedForEncodings = 0;
			knownRegions = (
				en,
			);
			mainGroup = 34418A6F18EF214C00F1D2A1;
			productRefGroup = 34418A7918EF214C00F1D2A1 /* Products */;
			projectDirPath = "";
			projectRoot = "";
			targets = (
				34418A7718EF214C00F1D2A1 /* FIDO */,
				34418A9218EF214C00F1D2A1 /* FIDO K9Tests */,
			);
		};
/* End PBXProject section */

/* Begin PBXResourcesBuildPhase section */
		34418A7618EF214C00F1D2A1 /* Resources */ = {
			isa = PBXResourcesBuildPhase;
			buildActionMask = 2147483647;
			files = (
				34418AAB18EF23CD00F1D2A1 /* MainStoryboard_iPhone.storyboard in Resources */,
				34418A8618EF214C00F1D2A1 /* InfoPlist.strings in Resources */,
				34418A8E18EF214C00F1D2A1 /* Images.xcassets in Resources */,
			);
			runOnlyForDeploymentPostprocessing = 0;
		};
		34418A9118EF214C00F1D2A1 /* Resources */ = {
			isa = PBXResourcesBuildPhase;
			buildActionMask = 2147483647;
			files = (
				34418A9F18EF214C00F1D2A1 /* InfoPlist.strings in Resources */,
			);
			runOnlyForDeploymentPostprocessing = 0;
		};
/* End PBXResourcesBuildPhase section */

/* Begin PBXSourcesBuildPhase section */
		34418A7418EF214C00F1D2A1 /* Sources */ = {
			isa = PBXSourcesBuildPhase;
			buildActionMask = 2147483647;
			files = (
				34D820B418F071950098D7EC /* K9RecentEventsViewController.m in Sources */,
				348D9F3B18EF35E80051C9C8 /* K9DogViewController.m in Sources */,
				34418A8C18EF214C00F1D2A1 /* K9AppDelegate.m in Sources */,
				34418A8818EF214C00F1D2A1 /* main.m in Sources */,
				348D9F3718EF329A0051C9C8 /* K9DogListViewController.m in Sources */,
				34D820B118F069830098D7EC /* K9DogDetailViewController.m in Sources */,
				348D9F3418EF2D190051C9C8 /* K9DogNavigationViewController.m in Sources */,
				34D820B918F093540098D7EC /* K9EventViewController.m in Sources */,
			);
			runOnlyForDeploymentPostprocessing = 0;
		};
		34418A8F18EF214C00F1D2A1 /* Sources */ = {
			isa = PBXSourcesBuildPhase;
			buildActionMask = 2147483647;
			files = (
				34418AA118EF214C00F1D2A1 /* FIDO_K9Tests.m in Sources */,
			);
			runOnlyForDeploymentPostprocessing = 0;
		};
/* End PBXSourcesBuildPhase section */

/* Begin PBXTargetDependency section */
		34418A9918EF214C00F1D2A1 /* PBXTargetDependency */ = {
			isa = PBXTargetDependency;
			target = 34418A7718EF214C00F1D2A1 /* FIDO */;
			targetProxy = 34418A9818EF214C00F1D2A1 /* PBXContainerItemProxy */;
		};
/* End PBXTargetDependency section */

/* Begin PBXVariantGroup section */
		34418A8418EF214C00F1D2A1 /* InfoPlist.strings */ = {
			isa = PBXVariantGroup;
			children = (
				34418A8518EF214C00F1D2A1 /* en */,
			);
			name = InfoPlist.strings;
			sourceTree = "<group>";
		};
		34418A9D18EF214C00F1D2A1 /* InfoPlist.strings */ = {
			isa = PBXVariantGroup;
			children = (
				34418A9E18EF214C00F1D2A1 /* en */,
			);
			name = InfoPlist.strings;
			sourceTree = "<group>";
		};
/* End PBXVariantGroup section */

/* Begin XCBuildConfiguration section */
		34418AA218EF214D00F1D2A1 /* Debug */ = {
			isa = XCBuildConfiguration;
			buildSettings = {
				ALWAYS_SEARCH_USER_PATHS = NO;
				CLANG_CXX_LANGUAGE_STANDARD = "gnu++0x";
				CLANG_CXX_LIBRARY = "libc++";
				CLANG_ENABLE_MODULES = YES;
				CLANG_ENABLE_OBJC_ARC = YES;
				CLANG_WARN_BOOL_CONVERSION = YES;
				CLANG_WARN_CONSTANT_CONVERSION = YES;
				CLANG_WARN_DIRECT_OBJC_ISA_USAGE = YES_ERROR;
				CLANG_WARN_EMPTY_BODY = YES;
				CLANG_WARN_ENUM_CONVERSION = YES;
				CLANG_WARN_INT_CONVERSION = YES;
				CLANG_WARN_OBJC_ROOT_CLASS = YES_ERROR;
				CLANG_WARN__DUPLICATE_METHOD_MATCH = YES;
				"CODE_SIGN_IDENTITY[sdk=iphoneos*]" = "iPhone Developer";
				COPY_PHASE_STRIP = NO;
				GCC_C_LANGUAGE_STANDARD = gnu99;
				GCC_DYNAMIC_NO_PIC = NO;
				GCC_OPTIMIZATION_LEVEL = 0;
				GCC_PREPROCESSOR_DEFINITIONS = (
					"DEBUG=1",
					"$(inherited)",
				);
				GCC_SYMBOLS_PRIVATE_EXTERN = NO;
				GCC_WARN_64_TO_32_BIT_CONVERSION = YES;
				GCC_WARN_ABOUT_RETURN_TYPE = YES_ERROR;
				GCC_WARN_UNDECLARED_SELECTOR = YES;
				GCC_WARN_UNINITIALIZED_AUTOS = YES_AGGRESSIVE;
				GCC_WARN_UNUSED_FUNCTION = YES;
				GCC_WARN_UNUSED_VARIABLE = YES;
				IPHONEOS_DEPLOYMENT_TARGET = 7.1;
				ONLY_ACTIVE_ARCH = YES;
				SDKROOT = iphoneos;
				TARGETED_DEVICE_FAMILY = "1,2";
			};
			name = Debug;
		};
		34418AA318EF214D00F1D2A1 /* Release */ = {
			isa = XCBuildConfiguration;
			buildSettings = {
				ALWAYS_SEARCH_USER_PATHS = NO;
				CLANG_CXX_LANGUAGE_STANDARD = "gnu++0x";
				CLANG_CXX_LIBRARY = "libc++";
				CLANG_ENABLE_MODULES = YES;
				CLANG_ENABLE_OBJC_ARC = YES;
				CLANG_WARN_BOOL_CONVERSION = YES;
				CLANG_WARN_CONSTANT_CONVERSION = YES;
				CLANG_WARN_DIRECT_OBJC_ISA_USAGE = YES_ERROR;
				CLANG_WARN_EMPTY_BODY = YES;
				CLANG_WARN_ENUM_CONVERSION = YES;
				CLANG_WARN_INT_CONVERSION = YES;
				CLANG_WARN_OBJC_ROOT_CLASS = YES_ERROR;
				CLANG_WARN__DUPLICATE_METHOD_MATCH = YES;
				"CODE_SIGN_IDENTITY[sdk=iphoneos*]" = "iPhone Developer";
				COPY_PHASE_STRIP = YES;
				ENABLE_NS_ASSERTIONS = NO;
				GCC_C_LANGUAGE_STANDARD = gnu99;
				GCC_WARN_64_TO_32_BIT_CONVERSION = YES;
				GCC_WARN_ABOUT_RETURN_TYPE = YES_ERROR;
				GCC_WARN_UNDECLARED_SELECTOR = YES;
				GCC_WARN_UNINITIALIZED_AUTOS = YES_AGGRESSIVE;
				GCC_WARN_UNUSED_FUNCTION = YES;
				GCC_WARN_UNUSED_VARIABLE = YES;
				IPHONEOS_DEPLOYMENT_TARGET = 7.1;
				SDKROOT = iphoneos;
				TARGETED_DEVICE_FAMILY = "1,2";
				VALIDATE_PRODUCT = YES;
			};
			name = Release;
		};
		34418AA518EF214D00F1D2A1 /* Debug */ = {
			isa = XCBuildConfiguration;
			buildSettings = {
				ASSETCATALOG_COMPILER_APPICON_NAME = AppIcon;
				ASSETCATALOG_COMPILER_LAUNCHIMAGE_NAME = LaunchImage;
				GCC_PRECOMPILE_PREFIX_HEADER = YES;
				GCC_PREFIX_HEADER = "FIDO K9/FIDO K9-Prefix.pch";
				INFOPLIST_FILE = "FIDO K9/FIDO K9-Info.plist";
				PRODUCT_NAME = "$(TARGET_NAME)";
				WRAPPER_EXTENSION = app;
			};
			name = Debug;
		};
		34418AA618EF214D00F1D2A1 /* Release */ = {
			isa = XCBuildConfiguration;
			buildSettings = {
				ASSETCATALOG_COMPILER_APPICON_NAME = AppIcon;
				ASSETCATALOG_COMPILER_LAUNCHIMAGE_NAME = LaunchImage;
				GCC_PRECOMPILE_PREFIX_HEADER = YES;
				GCC_PREFIX_HEADER = "FIDO K9/FIDO K9-Prefix.pch";
				INFOPLIST_FILE = "FIDO K9/FIDO K9-Info.plist";
				PRODUCT_NAME = "$(TARGET_NAME)";
				WRAPPER_EXTENSION = app;
			};
			name = Release;
		};
		34418AA818EF214D00F1D2A1 /* Debug */ = {
			isa = XCBuildConfiguration;
			buildSettings = {
				BUNDLE_LOADER = "$(BUILT_PRODUCTS_DIR)/FIDO K9.app/FIDO K9";
				FRAMEWORK_SEARCH_PATHS = (
					"$(SDKROOT)/Developer/Library/Frameworks",
					"$(inherited)",
					"$(DEVELOPER_FRAMEWORKS_DIR)",
				);
				GCC_PRECOMPILE_PREFIX_HEADER = YES;
				GCC_PREFIX_HEADER = "FIDO K9/FIDO K9-Prefix.pch";
				GCC_PREPROCESSOR_DEFINITIONS = (
					"DEBUG=1",
					"$(inherited)",
				);
				INFOPLIST_FILE = "FIDO K9Tests/FIDO K9Tests-Info.plist";
				PRODUCT_NAME = "$(TARGET_NAME)";
				TEST_HOST = "$(BUNDLE_LOADER)";
				WRAPPER_EXTENSION = xctest;
			};
			name = Debug;
		};
		34418AA918EF214D00F1D2A1 /* Release */ = {
			isa = XCBuildConfiguration;
			buildSettings = {
				BUNDLE_LOADER = "$(BUILT_PRODUCTS_DIR)/FIDO K9.app/FIDO K9";
				FRAMEWORK_SEARCH_PATHS = (
					"$(SDKROOT)/Developer/Library/Frameworks",
					"$(inherited)",
					"$(DEVELOPER_FRAMEWORKS_DIR)",
				);
				GCC_PRECOMPILE_PREFIX_HEADER = YES;
				GCC_PREFIX_HEADER = "FIDO K9/FIDO K9-Prefix.pch";
				INFOPLIST_FILE = "FIDO K9Tests/FIDO K9Tests-Info.plist";
				PRODUCT_NAME = "$(TARGET_NAME)";
				TEST_HOST = "$(BUNDLE_LOADER)";
				WRAPPER_EXTENSION = xctest;
			};
			name = Release;
		};
/* End XCBuildConfiguration section */

/* Begin XCConfigurationList section */
		34418A7318EF214C00F1D2A1 /* Build configuration list for PBXProject "FIDO K9" */ = {
			isa = XCConfigurationList;
			buildConfigurations = (
				34418AA218EF214D00F1D2A1 /* Debug */,
				34418AA318EF214D00F1D2A1 /* Release */,
			);
			defaultConfigurationIsVisible = 0;
			defaultConfigurationName = Release;
		};
		34418AA418EF214D00F1D2A1 /* Build configuration list for PBXNativeTarget "FIDO" */ = {
			isa = XCConfigurationList;
			buildConfigurations = (
				34418AA518EF214D00F1D2A1 /* Debug */,
				34418AA618EF214D00F1D2A1 /* Release */,
			);
			defaultConfigurationIsVisible = 0;
			defaultConfigurationName = Release;
		};
		34418AA718EF214D00F1D2A1 /* Build configuration list for PBXNativeTarget "FIDO K9Tests" */ = {
			isa = XCConfigurationList;
			buildConfigurations = (
				34418AA818EF214D00F1D2A1 /* Debug */,
				34418AA918EF214D00F1D2A1 /* Release */,
			);
			defaultConfigurationIsVisible = 0;
			defaultConfigurationName = Release;
		};
/* End XCConfigurationList section */
	};
	rootObject = 34418A7018EF214C00F1D2A1 /* Project object */;
}
