// !$*UTF8*$!
{
	archiveVersion = 1;
	classes = {
	};
	objectVersion = 46;
	objects = {

/* Begin PBXBuildFile section */
		3437B40318F9EFCD0098F6C8 /* K9AttachmentListViewController.m in Sources */ = {isa = PBXBuildFile; fileRef = 3437B40218F9EFCD0098F6C8 /* K9AttachmentListViewController.m */; };
		3437B40618F9F5750098F6C8 /* K9Photo.m in Sources */ = {isa = PBXBuildFile; fileRef = 3437B40518F9F5750098F6C8 /* K9Photo.m */; };
		3437B40918F9FA3A0098F6C8 /* K9EventDetailViewController.m in Sources */ = {isa = PBXBuildFile; fileRef = 3437B40818F9FA3A0098F6C8 /* K9EventDetailViewController.m */; };
		3437B40F18FB1C5D0098F6C8 /* K9DogAvatarViewController.m in Sources */ = {isa = PBXBuildFile; fileRef = 3437B40E18FB1C5D0098F6C8 /* K9DogAvatarViewController.m */; };
		3437B41118FB379B0098F6C8 /* TestDog.jpg in Resources */ = {isa = PBXBuildFile; fileRef = 3437B41018FB379B0098F6C8 /* TestDog.jpg */; };
		3437B41418FB8BCB0098F6C8 /* K9TrainingNavigationViewController.m in Sources */ = {isa = PBXBuildFile; fileRef = 3437B41318FB8BCB0098F6C8 /* K9TrainingNavigationViewController.m */; };
		3437B41818FB8FEE0098F6C8 /* K9CircularBorderImageView.m in Sources */ = {isa = PBXBuildFile; fileRef = 3437B41718FB8FEE0098F6C8 /* K9CircularBorderImageView.m */; };
		3441347518F249650050B30F /* MapKit.framework in Frameworks */ = {isa = PBXBuildFile; fileRef = 3441347418F249650050B30F /* MapKit.framework */; };
		3441347818F24B600050B30F /* K9ResourcesCollectionViewController.m in Sources */ = {isa = PBXBuildFile; fileRef = 3441347718F24B600050B30F /* K9ResourcesCollectionViewController.m */; };
		34418A7C18EF214C00F1D2A1 /* Foundation.framework in Frameworks */ = {isa = PBXBuildFile; fileRef = 34418A7B18EF214C00F1D2A1 /* Foundation.framework */; };
		34418A7E18EF214C00F1D2A1 /* CoreGraphics.framework in Frameworks */ = {isa = PBXBuildFile; fileRef = 34418A7D18EF214C00F1D2A1 /* CoreGraphics.framework */; };
		34418A8018EF214C00F1D2A1 /* UIKit.framework in Frameworks */ = {isa = PBXBuildFile; fileRef = 34418A7F18EF214C00F1D2A1 /* UIKit.framework */; };
		34418A8618EF214C00F1D2A1 /* InfoPlist.strings in Resources */ = {isa = PBXBuildFile; fileRef = 34418A8418EF214C00F1D2A1 /* InfoPlist.strings */; };
		34418A8818EF214C00F1D2A1 /* main.m in Sources */ = {isa = PBXBuildFile; fileRef = 34418A8718EF214C00F1D2A1 /* main.m */; };
		34418A8C18EF214C00F1D2A1 /* K9AppDelegate.m in Sources */ = {isa = PBXBuildFile; fileRef = 34418A8B18EF214C00F1D2A1 /* K9AppDelegate.m */; };
		34418A8E18EF214C00F1D2A1 /* Images.xcassets in Resources */ = {isa = PBXBuildFile; fileRef = 34418A8D18EF214C00F1D2A1 /* Images.xcassets */; };
		34418A9518EF214C00F1D2A1 /* XCTest.framework in Frameworks */ = {isa = PBXBuildFile; fileRef = 34418A9418EF214C00F1D2A1 /* XCTest.framework */; };
		34418A9618EF214C00F1D2A1 /* Foundation.framework in Frameworks */ = {isa = PBXBuildFile; fileRef = 34418A7B18EF214C00F1D2A1 /* Foundation.framework */; };
		34418A9718EF214C00F1D2A1 /* UIKit.framework in Frameworks */ = {isa = PBXBuildFile; fileRef = 34418A7F18EF214C00F1D2A1 /* UIKit.framework */; };
		34418A9F18EF214C00F1D2A1 /* InfoPlist.strings in Resources */ = {isa = PBXBuildFile; fileRef = 34418A9D18EF214C00F1D2A1 /* InfoPlist.strings */; };
		34418AA118EF214C00F1D2A1 /* FIDO_K9Tests.m in Sources */ = {isa = PBXBuildFile; fileRef = 34418AA018EF214C00F1D2A1 /* FIDO_K9Tests.m */; };
		34418AAB18EF23CD00F1D2A1 /* MainStoryboard_iPhone.storyboard in Resources */ = {isa = PBXBuildFile; fileRef = 34418AAA18EF23CD00F1D2A1 /* MainStoryboard_iPhone.storyboard */; };
		345EE02D18F1AB5F00BC8581 /* K9Dog.m in Sources */ = {isa = PBXBuildFile; fileRef = 345EE02C18F1AB5F00BC8581 /* K9Dog.m */; };
		345EE03018F1ABD400BC8581 /* K9Event.m in Sources */ = {isa = PBXBuildFile; fileRef = 345EE02F18F1ABD400BC8581 /* K9Event.m */; };
		345EE03318F1AC7F00BC8581 /* K9ObjectGraph.m in Sources */ = {isa = PBXBuildFile; fileRef = 345EE03218F1AC7F00BC8581 /* K9ObjectGraph.m */; };
		345EE05A18F1AFAC00BC8581 /* AFHTTPRequestOperation.m in Sources */ = {isa = PBXBuildFile; fileRef = 345EE03618F1AFAC00BC8581 /* AFHTTPRequestOperation.m */; };
		345EE05B18F1AFAC00BC8581 /* AFHTTPRequestOperationManager.m in Sources */ = {isa = PBXBuildFile; fileRef = 345EE03818F1AFAC00BC8581 /* AFHTTPRequestOperationManager.m */; };
		345EE05C18F1AFAC00BC8581 /* AFHTTPSessionManager.m in Sources */ = {isa = PBXBuildFile; fileRef = 345EE03A18F1AFAC00BC8581 /* AFHTTPSessionManager.m */; };
		345EE05D18F1AFAC00BC8581 /* AFNetworkReachabilityManager.m in Sources */ = {isa = PBXBuildFile; fileRef = 345EE03D18F1AFAC00BC8581 /* AFNetworkReachabilityManager.m */; };
		345EE05E18F1AFAC00BC8581 /* AFSecurityPolicy.m in Sources */ = {isa = PBXBuildFile; fileRef = 345EE03F18F1AFAC00BC8581 /* AFSecurityPolicy.m */; };
		345EE05F18F1AFAC00BC8581 /* AFURLConnectionOperation.m in Sources */ = {isa = PBXBuildFile; fileRef = 345EE04118F1AFAC00BC8581 /* AFURLConnectionOperation.m */; };
		345EE06018F1AFAC00BC8581 /* AFURLRequestSerialization.m in Sources */ = {isa = PBXBuildFile; fileRef = 345EE04318F1AFAC00BC8581 /* AFURLRequestSerialization.m */; };
		345EE06118F1AFAC00BC8581 /* AFURLResponseSerialization.m in Sources */ = {isa = PBXBuildFile; fileRef = 345EE04518F1AFAC00BC8581 /* AFURLResponseSerialization.m */; };
		345EE06218F1AFAC00BC8581 /* AFURLSessionManager.m in Sources */ = {isa = PBXBuildFile; fileRef = 345EE04718F1AFAC00BC8581 /* AFURLSessionManager.m */; };
		345EE06318F1AFAC00BC8581 /* AFNetworkActivityIndicatorManager.m in Sources */ = {isa = PBXBuildFile; fileRef = 345EE04A18F1AFAC00BC8581 /* AFNetworkActivityIndicatorManager.m */; };
		345EE06418F1AFAC00BC8581 /* UIActivityIndicatorView+AFNetworking.m in Sources */ = {isa = PBXBuildFile; fileRef = 345EE04C18F1AFAC00BC8581 /* UIActivityIndicatorView+AFNetworking.m */; };
		345EE06518F1AFAC00BC8581 /* UIAlertView+AFNetworking.m in Sources */ = {isa = PBXBuildFile; fileRef = 345EE04E18F1AFAC00BC8581 /* UIAlertView+AFNetworking.m */; };
		345EE06618F1AFAC00BC8581 /* UIButton+AFNetworking.m in Sources */ = {isa = PBXBuildFile; fileRef = 345EE05018F1AFAC00BC8581 /* UIButton+AFNetworking.m */; };
		345EE06718F1AFAC00BC8581 /* UIImageView+AFNetworking.m in Sources */ = {isa = PBXBuildFile; fileRef = 345EE05218F1AFAC00BC8581 /* UIImageView+AFNetworking.m */; };
		345EE06818F1AFAC00BC8581 /* UIProgressView+AFNetworking.m in Sources */ = {isa = PBXBuildFile; fileRef = 345EE05518F1AFAC00BC8581 /* UIProgressView+AFNetworking.m */; };
		345EE06918F1AFAC00BC8581 /* UIRefreshControl+AFNetworking.m in Sources */ = {isa = PBXBuildFile; fileRef = 345EE05718F1AFAC00BC8581 /* UIRefreshControl+AFNetworking.m */; };
		345EE06A18F1AFAC00BC8581 /* UIWebView+AFNetworking.m in Sources */ = {isa = PBXBuildFile; fileRef = 345EE05918F1AFAC00BC8581 /* UIWebView+AFNetworking.m */; };
		345EE09318F1C32400BC8581 /* NSDictionary+QueryString.m in Sources */ = {isa = PBXBuildFile; fileRef = 345EE06C18F1C32400BC8581 /* NSDictionary+QueryString.m */; };
		345EE09418F1C32400BC8581 /* NSString+Hashing.m in Sources */ = {isa = PBXBuildFile; fileRef = 345EE06D18F1C32400BC8581 /* NSString+Hashing.m */; };
		345EE09518F1C32400BC8581 /* PTBlockEventListener.m in Sources */ = {isa = PBXBuildFile; fileRef = 345EE07718F1C32400BC8581 /* PTBlockEventListener.m */; };
		345EE09618F1C32400BC8581 /* PTJSON.m in Sources */ = {isa = PBXBuildFile; fileRef = 345EE07918F1C32400BC8581 /* PTJSON.m */; };
		345EE09718F1C32400BC8581 /* PTPusher+Testing.m in Sources */ = {isa = PBXBuildFile; fileRef = 345EE07B18F1C32400BC8581 /* PTPusher+Testing.m */; };
		345EE09818F1C32400BC8581 /* PTPusher.m in Sources */ = {isa = PBXBuildFile; fileRef = 345EE07D18F1C32400BC8581 /* PTPusher.m */; };
		345EE09918F1C32400BC8581 /* PTPusherAPI.m in Sources */ = {isa = PBXBuildFile; fileRef = 345EE07F18F1C32400BC8581 /* PTPusherAPI.m */; };
		345EE09A18F1C32400BC8581 /* PTPusherChannel.m in Sources */ = {isa = PBXBuildFile; fileRef = 345EE08118F1C32400BC8581 /* PTPusherChannel.m */; };
		345EE09B18F1C32400BC8581 /* PTPusherChannelAuthorizationOperation.m in Sources */ = {isa = PBXBuildFile; fileRef = 345EE08218F1C32400BC8581 /* PTPusherChannelAuthorizationOperation.m */; };
		345EE09C18F1C32400BC8581 /* PTPusherConnection.m in Sources */ = {isa = PBXBuildFile; fileRef = 345EE08418F1C32400BC8581 /* PTPusherConnection.m */; };
		345EE09D18F1C32400BC8581 /* PTPusherEvent.m in Sources */ = {isa = PBXBuildFile; fileRef = 345EE08818F1C32400BC8581 /* PTPusherEvent.m */; };
		345EE09E18F1C32400BC8581 /* PTPusherEventDispatcher.m in Sources */ = {isa = PBXBuildFile; fileRef = 345EE08A18F1C32400BC8581 /* PTPusherEventDispatcher.m */; };
		345EE09F18F1C32400BC8581 /* PTPusherMockConnection.m in Sources */ = {isa = PBXBuildFile; fileRef = 345EE08E18F1C32400BC8581 /* PTPusherMockConnection.m */; };
		345EE0A018F1C32400BC8581 /* PTTargetActionEventListener.m in Sources */ = {isa = PBXBuildFile; fileRef = 345EE09018F1C32400BC8581 /* PTTargetActionEventListener.m */; };
		345EE0A118F1C32400BC8581 /* PTURLRequestOperation.m in Sources */ = {isa = PBXBuildFile; fileRef = 345EE09118F1C32400BC8581 /* PTURLRequestOperation.m */; };
		345EE0A618F1C67B00BC8581 /* SRWebSocket.m in Sources */ = {isa = PBXBuildFile; fileRef = 345EE0A518F1C67B00BC8581 /* SRWebSocket.m */; };
		345EE0A818F1C78E00BC8581 /* CFNetwork.framework in Frameworks */ = {isa = PBXBuildFile; fileRef = 345EE0A718F1C78E00BC8581 /* CFNetwork.framework */; };
		345EE0AA18F1C79600BC8581 /* libicucore.dylib in Frameworks */ = {isa = PBXBuildFile; fileRef = 345EE0A918F1C79600BC8581 /* libicucore.dylib */; };
		345EE0AC18F1C79D00BC8581 /* Security.framework in Frameworks */ = {isa = PBXBuildFile; fileRef = 345EE0AB18F1C79D00BC8581 /* Security.framework */; };
		347D24EC18FEF5B6004270FA /* K9TrainingListTableViewController.m in Sources */ = {isa = PBXBuildFile; fileRef = 347D24EB18FEF5B6004270FA /* K9TrainingListTableViewController.m */; };
		347D24EF18FEF698004270FA /* K9Training.m in Sources */ = {isa = PBXBuildFile; fileRef = 347D24EE18FEF698004270FA /* K9Training.m */; };
		347D24F218FEF7D4004270FA /* K9TrainingDetailViewController.m in Sources */ = {isa = PBXBuildFile; fileRef = 347D24F118FEF7D4004270FA /* K9TrainingDetailViewController.m */; };
		347D24F518FF330A004270FA /* K9Preferences.m in Sources */ = {isa = PBXBuildFile; fileRef = 347D24F418FF330A004270FA /* K9Preferences.m */; };
		347D24F818FF3F21004270FA /* K9CertificationAndTrainingListViewController.m in Sources */ = {isa = PBXBuildFile; fileRef = 347D24F718FF3F21004270FA /* K9CertificationAndTrainingListViewController.m */; };
		34841B2C1900D4FC00FD9125 /* UIColor+DefaultTintColor.m in Sources */ = {isa = PBXBuildFile; fileRef = 34841B2B1900D4FC00FD9125 /* UIColor+DefaultTintColor.m */; };
		348D9F3418EF2D190051C9C8 /* K9DogNavigationViewController.m in Sources */ = {isa = PBXBuildFile; fileRef = 348D9F3318EF2D190051C9C8 /* K9DogNavigationViewController.m */; };
		348D9F3718EF329A0051C9C8 /* K9DogListViewController.m in Sources */ = {isa = PBXBuildFile; fileRef = 348D9F3618EF329A0051C9C8 /* K9DogListViewController.m */; };
		348D9F3B18EF35E80051C9C8 /* K9DogViewController.m in Sources */ = {isa = PBXBuildFile; fileRef = 348D9F3A18EF35E80051C9C8 /* K9DogViewController.m */; };
		34D820B118F069830098D7EC /* K9DogDetailViewController.m in Sources */ = {isa = PBXBuildFile; fileRef = 34D820B018F069830098D7EC /* K9DogDetailViewController.m */; };
		34D820B418F071950098D7EC /* K9RecentEventsViewController.m in Sources */ = {isa = PBXBuildFile; fileRef = 34D820B318F071950098D7EC /* K9RecentEventsViewController.m */; };
		34D820B918F093540098D7EC /* K9EventViewController.m in Sources */ = {isa = PBXBuildFile; fileRef = 34D820B818F093540098D7EC /* K9EventViewController.m */; };
		34D9095018FE12B90075C2D6 /* Forecastr+CLLocation.m in Sources */ = {isa = PBXBuildFile; fileRef = 34D9094A18FE12B90075C2D6 /* Forecastr+CLLocation.m */; };
		34D9095118FE12B90075C2D6 /* Forecastr.m in Sources */ = {isa = PBXBuildFile; fileRef = 34D9094C18FE12B90075C2D6 /* Forecastr.m */; };
		34D9095218FE12B90075C2D6 /* ForecastrAPIClient.m in Sources */ = {isa = PBXBuildFile; fileRef = 34D9094E18FE12B90075C2D6 /* ForecastrAPIClient.m */; };
		34D9095318FE12B90075C2D6 /* ForecastrUnits.plist in Resources */ = {isa = PBXBuildFile; fileRef = 34D9094F18FE12B90075C2D6 /* ForecastrUnits.plist */; };
		34D9095618FE29EF0075C2D6 /* K9NewTrainingViewController.m in Sources */ = {isa = PBXBuildFile; fileRef = 34D9095518FE29EF0075C2D6 /* K9NewTrainingViewController.m */; };
		34D9095918FEEBD90075C2D6 /* K9Weather.m in Sources */ = {isa = PBXBuildFile; fileRef = 34D9095818FEEBD90075C2D6 /* K9Weather.m */; };
		34DE105F18F3340700FB21D8 /* ImageScrollView.m in Sources */ = {isa = PBXBuildFile; fileRef = 34DE105E18F3340700FB21D8 /* ImageScrollView.m */; };
		34DE106218F3382A00FB21D8 /* K9ResourceBrowserViewController.m in Sources */ = {isa = PBXBuildFile; fileRef = 34DE106118F3382A00FB21D8 /* K9ResourceBrowserViewController.m */; };
		34DE106518F338F000FB21D8 /* K9PhotoViewController.m in Sources */ = {isa = PBXBuildFile; fileRef = 34DE106418F338F000FB21D8 /* K9PhotoViewController.m */; };
		34DE106818F351E500FB21D8 /* UIImage+ImageEffects.m in Sources */ = {isa = PBXBuildFile; fileRef = 34DE106718F351E500FB21D8 /* UIImage+ImageEffects.m */; };
		34DE106B18F351F400FB21D8 /* UIView+Screenshot.m in Sources */ = {isa = PBXBuildFile; fileRef = 34DE106A18F351F400FB21D8 /* UIView+Screenshot.m */; };
		34E4CBFC18F9E85B00CE61CF /* K9Attachment.m in Sources */ = {isa = PBXBuildFile; fileRef = 34E4CBFB18F9E85B00CE61CF /* K9Attachment.m */; };
/* End PBXBuildFile section */

/* Begin PBXContainerItemProxy section */
		34418A9818EF214C00F1D2A1 /* PBXContainerItemProxy */ = {
			isa = PBXContainerItemProxy;
			containerPortal = 34418A7018EF214C00F1D2A1 /* Project object */;
			proxyType = 1;
			remoteGlobalIDString = 34418A7718EF214C00F1D2A1;
			remoteInfo = "FIDO K9";
		};
/* End PBXContainerItemProxy section */

/* Begin PBXFileReference section */
		3437B40118F9EFCD0098F6C8 /* K9AttachmentListViewController.h */ = {isa = PBXFileReference; fileEncoding = 4; lastKnownFileType = sourcecode.c.h; path = K9AttachmentListViewController.h; sourceTree = "<group>"; };
		3437B40218F9EFCD0098F6C8 /* K9AttachmentListViewController.m */ = {isa = PBXFileReference; fileEncoding = 4; lastKnownFileType = sourcecode.c.objc; path = K9AttachmentListViewController.m; sourceTree = "<group>"; };
		3437B40418F9F5750098F6C8 /* K9Photo.h */ = {isa = PBXFileReference; fileEncoding = 4; lastKnownFileType = sourcecode.c.h; path = K9Photo.h; sourceTree = "<group>"; };
		3437B40518F9F5750098F6C8 /* K9Photo.m */ = {isa = PBXFileReference; fileEncoding = 4; lastKnownFileType = sourcecode.c.objc; path = K9Photo.m; sourceTree = "<group>"; };
		3437B40718F9FA3A0098F6C8 /* K9EventDetailViewController.h */ = {isa = PBXFileReference; fileEncoding = 4; lastKnownFileType = sourcecode.c.h; path = K9EventDetailViewController.h; sourceTree = "<group>"; };
		3437B40818F9FA3A0098F6C8 /* K9EventDetailViewController.m */ = {isa = PBXFileReference; fileEncoding = 4; lastKnownFileType = sourcecode.c.objc; path = K9EventDetailViewController.m; sourceTree = "<group>"; };
		3437B40D18FB1C5D0098F6C8 /* K9DogAvatarViewController.h */ = {isa = PBXFileReference; fileEncoding = 4; lastKnownFileType = sourcecode.c.h; path = K9DogAvatarViewController.h; sourceTree = "<group>"; };
		3437B40E18FB1C5D0098F6C8 /* K9DogAvatarViewController.m */ = {isa = PBXFileReference; fileEncoding = 4; lastKnownFileType = sourcecode.c.objc; path = K9DogAvatarViewController.m; sourceTree = "<group>"; };
		3437B41018FB379B0098F6C8 /* TestDog.jpg */ = {isa = PBXFileReference; lastKnownFileType = image.jpeg; path = TestDog.jpg; sourceTree = "<group>"; };
		3437B41218FB8BCB0098F6C8 /* K9TrainingNavigationViewController.h */ = {isa = PBXFileReference; fileEncoding = 4; lastKnownFileType = sourcecode.c.h; path = K9TrainingNavigationViewController.h; sourceTree = "<group>"; };
		3437B41318FB8BCB0098F6C8 /* K9TrainingNavigationViewController.m */ = {isa = PBXFileReference; fileEncoding = 4; lastKnownFileType = sourcecode.c.objc; path = K9TrainingNavigationViewController.m; sourceTree = "<group>"; };
		3437B41618FB8FEE0098F6C8 /* K9CircularBorderImageView.h */ = {isa = PBXFileReference; fileEncoding = 4; lastKnownFileType = sourcecode.c.h; path = K9CircularBorderImageView.h; sourceTree = "<group>"; };
		3437B41718FB8FEE0098F6C8 /* K9CircularBorderImageView.m */ = {isa = PBXFileReference; fileEncoding = 4; lastKnownFileType = sourcecode.c.objc; path = K9CircularBorderImageView.m; sourceTree = "<group>"; };
		3441347418F249650050B30F /* MapKit.framework */ = {isa = PBXFileReference; lastKnownFileType = wrapper.framework; name = MapKit.framework; path = System/Library/Frameworks/MapKit.framework; sourceTree = SDKROOT; };
		3441347618F24B5F0050B30F /* K9ResourcesCollectionViewController.h */ = {isa = PBXFileReference; fileEncoding = 4; lastKnownFileType = sourcecode.c.h; path = K9ResourcesCollectionViewController.h; sourceTree = "<group>"; };
		3441347718F24B600050B30F /* K9ResourcesCollectionViewController.m */ = {isa = PBXFileReference; fileEncoding = 4; lastKnownFileType = sourcecode.c.objc; path = K9ResourcesCollectionViewController.m; sourceTree = "<group>"; };
		34418A7818EF214C00F1D2A1 /* FIDO.app */ = {isa = PBXFileReference; explicitFileType = wrapper.application; includeInIndex = 0; path = FIDO.app; sourceTree = BUILT_PRODUCTS_DIR; };
		34418A7B18EF214C00F1D2A1 /* Foundation.framework */ = {isa = PBXFileReference; lastKnownFileType = wrapper.framework; name = Foundation.framework; path = System/Library/Frameworks/Foundation.framework; sourceTree = SDKROOT; };
		34418A7D18EF214C00F1D2A1 /* CoreGraphics.framework */ = {isa = PBXFileReference; lastKnownFileType = wrapper.framework; name = CoreGraphics.framework; path = System/Library/Frameworks/CoreGraphics.framework; sourceTree = SDKROOT; };
		34418A7F18EF214C00F1D2A1 /* UIKit.framework */ = {isa = PBXFileReference; lastKnownFileType = wrapper.framework; name = UIKit.framework; path = System/Library/Frameworks/UIKit.framework; sourceTree = SDKROOT; };
		34418A8318EF214C00F1D2A1 /* FIDO K9-Info.plist */ = {isa = PBXFileReference; lastKnownFileType = text.plist.xml; path = "FIDO K9-Info.plist"; sourceTree = "<group>"; };
		34418A8518EF214C00F1D2A1 /* en */ = {isa = PBXFileReference; lastKnownFileType = text.plist.strings; name = en; path = en.lproj/InfoPlist.strings; sourceTree = "<group>"; };
		34418A8718EF214C00F1D2A1 /* main.m */ = {isa = PBXFileReference; lastKnownFileType = sourcecode.c.objc; path = main.m; sourceTree = "<group>"; };
		34418A8918EF214C00F1D2A1 /* FIDO K9-Prefix.pch */ = {isa = PBXFileReference; lastKnownFileType = sourcecode.c.h; path = "FIDO K9-Prefix.pch"; sourceTree = "<group>"; };
		34418A8A18EF214C00F1D2A1 /* K9AppDelegate.h */ = {isa = PBXFileReference; lastKnownFileType = sourcecode.c.h; path = K9AppDelegate.h; sourceTree = "<group>"; };
		34418A8B18EF214C00F1D2A1 /* K9AppDelegate.m */ = {isa = PBXFileReference; lastKnownFileType = sourcecode.c.objc; path = K9AppDelegate.m; sourceTree = "<group>"; };
		34418A8D18EF214C00F1D2A1 /* Images.xcassets */ = {isa = PBXFileReference; lastKnownFileType = folder.assetcatalog; path = Images.xcassets; sourceTree = "<group>"; };
		34418A9318EF214C00F1D2A1 /* FIDO K9Tests.xctest */ = {isa = PBXFileReference; explicitFileType = wrapper.cfbundle; includeInIndex = 0; path = "FIDO K9Tests.xctest"; sourceTree = BUILT_PRODUCTS_DIR; };
		34418A9418EF214C00F1D2A1 /* XCTest.framework */ = {isa = PBXFileReference; lastKnownFileType = wrapper.framework; name = XCTest.framework; path = Library/Frameworks/XCTest.framework; sourceTree = DEVELOPER_DIR; };
		34418A9C18EF214C00F1D2A1 /* FIDO K9Tests-Info.plist */ = {isa = PBXFileReference; lastKnownFileType = text.plist.xml; path = "FIDO K9Tests-Info.plist"; sourceTree = "<group>"; };
		34418A9E18EF214C00F1D2A1 /* en */ = {isa = PBXFileReference; lastKnownFileType = text.plist.strings; name = en; path = en.lproj/InfoPlist.strings; sourceTree = "<group>"; };
		34418AA018EF214C00F1D2A1 /* FIDO_K9Tests.m */ = {isa = PBXFileReference; lastKnownFileType = sourcecode.c.objc; path = FIDO_K9Tests.m; sourceTree = "<group>"; };
		34418AAA18EF23CD00F1D2A1 /* MainStoryboard_iPhone.storyboard */ = {isa = PBXFileReference; fileEncoding = 4; lastKnownFileType = file.storyboard; path = MainStoryboard_iPhone.storyboard; sourceTree = "<group>"; };
		345EE02B18F1AB5F00BC8581 /* K9Dog.h */ = {isa = PBXFileReference; fileEncoding = 4; lastKnownFileType = sourcecode.c.h; path = K9Dog.h; sourceTree = "<group>"; };
		345EE02C18F1AB5F00BC8581 /* K9Dog.m */ = {isa = PBXFileReference; fileEncoding = 4; lastKnownFileType = sourcecode.c.objc; path = K9Dog.m; sourceTree = "<group>"; };
		345EE02E18F1ABD400BC8581 /* K9Event.h */ = {isa = PBXFileReference; fileEncoding = 4; lastKnownFileType = sourcecode.c.h; path = K9Event.h; sourceTree = "<group>"; };
		345EE02F18F1ABD400BC8581 /* K9Event.m */ = {isa = PBXFileReference; fileEncoding = 4; lastKnownFileType = sourcecode.c.objc; path = K9Event.m; sourceTree = "<group>"; };
		345EE03118F1AC7F00BC8581 /* K9ObjectGraph.h */ = {isa = PBXFileReference; fileEncoding = 4; lastKnownFileType = sourcecode.c.h; path = K9ObjectGraph.h; sourceTree = "<group>"; };
		345EE03218F1AC7F00BC8581 /* K9ObjectGraph.m */ = {isa = PBXFileReference; fileEncoding = 4; lastKnownFileType = sourcecode.c.objc; path = K9ObjectGraph.m; sourceTree = "<group>"; };
		345EE03518F1AFAC00BC8581 /* AFHTTPRequestOperation.h */ = {isa = PBXFileReference; fileEncoding = 4; lastKnownFileType = sourcecode.c.h; path = AFHTTPRequestOperation.h; sourceTree = "<group>"; };
		345EE03618F1AFAC00BC8581 /* AFHTTPRequestOperation.m */ = {isa = PBXFileReference; fileEncoding = 4; lastKnownFileType = sourcecode.c.objc; path = AFHTTPRequestOperation.m; sourceTree = "<group>"; };
		345EE03718F1AFAC00BC8581 /* AFHTTPRequestOperationManager.h */ = {isa = PBXFileReference; fileEncoding = 4; lastKnownFileType = sourcecode.c.h; path = AFHTTPRequestOperationManager.h; sourceTree = "<group>"; };
		345EE03818F1AFAC00BC8581 /* AFHTTPRequestOperationManager.m */ = {isa = PBXFileReference; fileEncoding = 4; lastKnownFileType = sourcecode.c.objc; path = AFHTTPRequestOperationManager.m; sourceTree = "<group>"; };
		345EE03918F1AFAC00BC8581 /* AFHTTPSessionManager.h */ = {isa = PBXFileReference; fileEncoding = 4; lastKnownFileType = sourcecode.c.h; path = AFHTTPSessionManager.h; sourceTree = "<group>"; };
		345EE03A18F1AFAC00BC8581 /* AFHTTPSessionManager.m */ = {isa = PBXFileReference; fileEncoding = 4; lastKnownFileType = sourcecode.c.objc; path = AFHTTPSessionManager.m; sourceTree = "<group>"; };
		345EE03B18F1AFAC00BC8581 /* AFNetworking.h */ = {isa = PBXFileReference; fileEncoding = 4; lastKnownFileType = sourcecode.c.h; path = AFNetworking.h; sourceTree = "<group>"; };
		345EE03C18F1AFAC00BC8581 /* AFNetworkReachabilityManager.h */ = {isa = PBXFileReference; fileEncoding = 4; lastKnownFileType = sourcecode.c.h; path = AFNetworkReachabilityManager.h; sourceTree = "<group>"; };
		345EE03D18F1AFAC00BC8581 /* AFNetworkReachabilityManager.m */ = {isa = PBXFileReference; fileEncoding = 4; lastKnownFileType = sourcecode.c.objc; path = AFNetworkReachabilityManager.m; sourceTree = "<group>"; };
		345EE03E18F1AFAC00BC8581 /* AFSecurityPolicy.h */ = {isa = PBXFileReference; fileEncoding = 4; lastKnownFileType = sourcecode.c.h; path = AFSecurityPolicy.h; sourceTree = "<group>"; };
		345EE03F18F1AFAC00BC8581 /* AFSecurityPolicy.m */ = {isa = PBXFileReference; fileEncoding = 4; lastKnownFileType = sourcecode.c.objc; path = AFSecurityPolicy.m; sourceTree = "<group>"; };
		345EE04018F1AFAC00BC8581 /* AFURLConnectionOperation.h */ = {isa = PBXFileReference; fileEncoding = 4; lastKnownFileType = sourcecode.c.h; path = AFURLConnectionOperation.h; sourceTree = "<group>"; };
		345EE04118F1AFAC00BC8581 /* AFURLConnectionOperation.m */ = {isa = PBXFileReference; fileEncoding = 4; lastKnownFileType = sourcecode.c.objc; path = AFURLConnectionOperation.m; sourceTree = "<group>"; };
		345EE04218F1AFAC00BC8581 /* AFURLRequestSerialization.h */ = {isa = PBXFileReference; fileEncoding = 4; lastKnownFileType = sourcecode.c.h; path = AFURLRequestSerialization.h; sourceTree = "<group>"; };
		345EE04318F1AFAC00BC8581 /* AFURLRequestSerialization.m */ = {isa = PBXFileReference; fileEncoding = 4; lastKnownFileType = sourcecode.c.objc; path = AFURLRequestSerialization.m; sourceTree = "<group>"; };
		345EE04418F1AFAC00BC8581 /* AFURLResponseSerialization.h */ = {isa = PBXFileReference; fileEncoding = 4; lastKnownFileType = sourcecode.c.h; path = AFURLResponseSerialization.h; sourceTree = "<group>"; };
		345EE04518F1AFAC00BC8581 /* AFURLResponseSerialization.m */ = {isa = PBXFileReference; fileEncoding = 4; lastKnownFileType = sourcecode.c.objc; path = AFURLResponseSerialization.m; sourceTree = "<group>"; };
		345EE04618F1AFAC00BC8581 /* AFURLSessionManager.h */ = {isa = PBXFileReference; fileEncoding = 4; lastKnownFileType = sourcecode.c.h; path = AFURLSessionManager.h; sourceTree = "<group>"; };
		345EE04718F1AFAC00BC8581 /* AFURLSessionManager.m */ = {isa = PBXFileReference; fileEncoding = 4; lastKnownFileType = sourcecode.c.objc; path = AFURLSessionManager.m; sourceTree = "<group>"; };
		345EE04918F1AFAC00BC8581 /* AFNetworkActivityIndicatorManager.h */ = {isa = PBXFileReference; fileEncoding = 4; lastKnownFileType = sourcecode.c.h; path = AFNetworkActivityIndicatorManager.h; sourceTree = "<group>"; };
		345EE04A18F1AFAC00BC8581 /* AFNetworkActivityIndicatorManager.m */ = {isa = PBXFileReference; fileEncoding = 4; lastKnownFileType = sourcecode.c.objc; path = AFNetworkActivityIndicatorManager.m; sourceTree = "<group>"; };
		345EE04B18F1AFAC00BC8581 /* UIActivityIndicatorView+AFNetworking.h */ = {isa = PBXFileReference; fileEncoding = 4; lastKnownFileType = sourcecode.c.h; path = "UIActivityIndicatorView+AFNetworking.h"; sourceTree = "<group>"; };
		345EE04C18F1AFAC00BC8581 /* UIActivityIndicatorView+AFNetworking.m */ = {isa = PBXFileReference; fileEncoding = 4; lastKnownFileType = sourcecode.c.objc; path = "UIActivityIndicatorView+AFNetworking.m"; sourceTree = "<group>"; };
		345EE04D18F1AFAC00BC8581 /* UIAlertView+AFNetworking.h */ = {isa = PBXFileReference; fileEncoding = 4; lastKnownFileType = sourcecode.c.h; path = "UIAlertView+AFNetworking.h"; sourceTree = "<group>"; };
		345EE04E18F1AFAC00BC8581 /* UIAlertView+AFNetworking.m */ = {isa = PBXFileReference; fileEncoding = 4; lastKnownFileType = sourcecode.c.objc; path = "UIAlertView+AFNetworking.m"; sourceTree = "<group>"; };
		345EE04F18F1AFAC00BC8581 /* UIButton+AFNetworking.h */ = {isa = PBXFileReference; fileEncoding = 4; lastKnownFileType = sourcecode.c.h; path = "UIButton+AFNetworking.h"; sourceTree = "<group>"; };
		345EE05018F1AFAC00BC8581 /* UIButton+AFNetworking.m */ = {isa = PBXFileReference; fileEncoding = 4; lastKnownFileType = sourcecode.c.objc; path = "UIButton+AFNetworking.m"; sourceTree = "<group>"; };
		345EE05118F1AFAC00BC8581 /* UIImageView+AFNetworking.h */ = {isa = PBXFileReference; fileEncoding = 4; lastKnownFileType = sourcecode.c.h; path = "UIImageView+AFNetworking.h"; sourceTree = "<group>"; };
		345EE05218F1AFAC00BC8581 /* UIImageView+AFNetworking.m */ = {isa = PBXFileReference; fileEncoding = 4; lastKnownFileType = sourcecode.c.objc; path = "UIImageView+AFNetworking.m"; sourceTree = "<group>"; };
		345EE05318F1AFAC00BC8581 /* UIKit+AFNetworking.h */ = {isa = PBXFileReference; fileEncoding = 4; lastKnownFileType = sourcecode.c.h; path = "UIKit+AFNetworking.h"; sourceTree = "<group>"; };
		345EE05418F1AFAC00BC8581 /* UIProgressView+AFNetworking.h */ = {isa = PBXFileReference; fileEncoding = 4; lastKnownFileType = sourcecode.c.h; path = "UIProgressView+AFNetworking.h"; sourceTree = "<group>"; };
		345EE05518F1AFAC00BC8581 /* UIProgressView+AFNetworking.m */ = {isa = PBXFileReference; fileEncoding = 4; lastKnownFileType = sourcecode.c.objc; path = "UIProgressView+AFNetworking.m"; sourceTree = "<group>"; };
		345EE05618F1AFAC00BC8581 /* UIRefreshControl+AFNetworking.h */ = {isa = PBXFileReference; fileEncoding = 4; lastKnownFileType = sourcecode.c.h; path = "UIRefreshControl+AFNetworking.h"; sourceTree = "<group>"; };
		345EE05718F1AFAC00BC8581 /* UIRefreshControl+AFNetworking.m */ = {isa = PBXFileReference; fileEncoding = 4; lastKnownFileType = sourcecode.c.objc; path = "UIRefreshControl+AFNetworking.m"; sourceTree = "<group>"; };
		345EE05818F1AFAC00BC8581 /* UIWebView+AFNetworking.h */ = {isa = PBXFileReference; fileEncoding = 4; lastKnownFileType = sourcecode.c.h; path = "UIWebView+AFNetworking.h"; sourceTree = "<group>"; };
		345EE05918F1AFAC00BC8581 /* UIWebView+AFNetworking.m */ = {isa = PBXFileReference; fileEncoding = 4; lastKnownFileType = sourcecode.c.objc; path = "UIWebView+AFNetworking.m"; sourceTree = "<group>"; };
		345EE06C18F1C32400BC8581 /* NSDictionary+QueryString.m */ = {isa = PBXFileReference; fileEncoding = 4; lastKnownFileType = sourcecode.c.objc; path = "NSDictionary+QueryString.m"; sourceTree = "<group>"; };
		345EE06D18F1C32400BC8581 /* NSString+Hashing.m */ = {isa = PBXFileReference; fileEncoding = 4; lastKnownFileType = sourcecode.c.objc; path = "NSString+Hashing.m"; sourceTree = "<group>"; };
		345EE06F18F1C32400BC8581 /* NSDictionary+QueryString.h */ = {isa = PBXFileReference; fileEncoding = 4; lastKnownFileType = sourcecode.c.h; path = "NSDictionary+QueryString.h"; sourceTree = "<group>"; };
		345EE07018F1C32400BC8581 /* NSString+Hashing.h */ = {isa = PBXFileReference; fileEncoding = 4; lastKnownFileType = sourcecode.c.h; path = "NSString+Hashing.h"; sourceTree = "<group>"; };
		345EE07118F1C32400BC8581 /* PTBlockEventListener.h */ = {isa = PBXFileReference; fileEncoding = 4; lastKnownFileType = sourcecode.c.h; path = PTBlockEventListener.h; sourceTree = "<group>"; };
		345EE07218F1C32400BC8581 /* PTJSON.h */ = {isa = PBXFileReference; fileEncoding = 4; lastKnownFileType = sourcecode.c.h; path = PTJSON.h; sourceTree = "<group>"; };
		345EE07318F1C32400BC8581 /* PTPusherChannel_Private.h */ = {isa = PBXFileReference; fileEncoding = 4; lastKnownFileType = sourcecode.c.h; path = PTPusherChannel_Private.h; sourceTree = "<group>"; };
		345EE07418F1C32400BC8581 /* PTPusherChannelAuthorizationOperation.h */ = {isa = PBXFileReference; fileEncoding = 4; lastKnownFileType = sourcecode.c.h; path = PTPusherChannelAuthorizationOperation.h; sourceTree = "<group>"; };
		345EE07518F1C32400BC8581 /* PTTargetActionEventListener.h */ = {isa = PBXFileReference; fileEncoding = 4; lastKnownFileType = sourcecode.c.h; path = PTTargetActionEventListener.h; sourceTree = "<group>"; };
		345EE07618F1C32400BC8581 /* PTURLRequestOperation.h */ = {isa = PBXFileReference; fileEncoding = 4; lastKnownFileType = sourcecode.c.h; path = PTURLRequestOperation.h; sourceTree = "<group>"; };
		345EE07718F1C32400BC8581 /* PTBlockEventListener.m */ = {isa = PBXFileReference; fileEncoding = 4; lastKnownFileType = sourcecode.c.objc; path = PTBlockEventListener.m; sourceTree = "<group>"; };
		345EE07818F1C32400BC8581 /* PTEventListener.h */ = {isa = PBXFileReference; fileEncoding = 4; lastKnownFileType = sourcecode.c.h; path = PTEventListener.h; sourceTree = "<group>"; };
		345EE07918F1C32400BC8581 /* PTJSON.m */ = {isa = PBXFileReference; fileEncoding = 4; lastKnownFileType = sourcecode.c.objc; path = PTJSON.m; sourceTree = "<group>"; };
		345EE07A18F1C32400BC8581 /* PTPusher+Testing.h */ = {isa = PBXFileReference; fileEncoding = 4; lastKnownFileType = sourcecode.c.h; path = "PTPusher+Testing.h"; sourceTree = "<group>"; };
		345EE07B18F1C32400BC8581 /* PTPusher+Testing.m */ = {isa = PBXFileReference; fileEncoding = 4; lastKnownFileType = sourcecode.c.objc; path = "PTPusher+Testing.m"; sourceTree = "<group>"; };
		345EE07C18F1C32400BC8581 /* PTPusher.h */ = {isa = PBXFileReference; fileEncoding = 4; lastKnownFileType = sourcecode.c.h; path = PTPusher.h; sourceTree = "<group>"; };
		345EE07D18F1C32400BC8581 /* PTPusher.m */ = {isa = PBXFileReference; fileEncoding = 4; lastKnownFileType = sourcecode.c.objc; path = PTPusher.m; sourceTree = "<group>"; };
		345EE07E18F1C32400BC8581 /* PTPusherAPI.h */ = {isa = PBXFileReference; fileEncoding = 4; lastKnownFileType = sourcecode.c.h; path = PTPusherAPI.h; sourceTree = "<group>"; };
		345EE07F18F1C32400BC8581 /* PTPusherAPI.m */ = {isa = PBXFileReference; fileEncoding = 4; lastKnownFileType = sourcecode.c.objc; path = PTPusherAPI.m; sourceTree = "<group>"; };
		345EE08018F1C32400BC8581 /* PTPusherChannel.h */ = {isa = PBXFileReference; fileEncoding = 4; lastKnownFileType = sourcecode.c.h; path = PTPusherChannel.h; sourceTree = "<group>"; };
		345EE08118F1C32400BC8581 /* PTPusherChannel.m */ = {isa = PBXFileReference; fileEncoding = 4; lastKnownFileType = sourcecode.c.objc; path = PTPusherChannel.m; sourceTree = "<group>"; };
		345EE08218F1C32400BC8581 /* PTPusherChannelAuthorizationOperation.m */ = {isa = PBXFileReference; fileEncoding = 4; lastKnownFileType = sourcecode.c.objc; path = PTPusherChannelAuthorizationOperation.m; sourceTree = "<group>"; };
		345EE08318F1C32400BC8581 /* PTPusherConnection.h */ = {isa = PBXFileReference; fileEncoding = 4; lastKnownFileType = sourcecode.c.h; path = PTPusherConnection.h; sourceTree = "<group>"; };
		345EE08418F1C32400BC8581 /* PTPusherConnection.m */ = {isa = PBXFileReference; fileEncoding = 4; lastKnownFileType = sourcecode.c.objc; path = PTPusherConnection.m; sourceTree = "<group>"; };
		345EE08518F1C32400BC8581 /* PTPusherDelegate.h */ = {isa = PBXFileReference; fileEncoding = 4; lastKnownFileType = sourcecode.c.h; path = PTPusherDelegate.h; sourceTree = "<group>"; };
		345EE08618F1C32400BC8581 /* PTPusherErrors.h */ = {isa = PBXFileReference; fileEncoding = 4; lastKnownFileType = sourcecode.c.h; path = PTPusherErrors.h; sourceTree = "<group>"; };
		345EE08718F1C32400BC8581 /* PTPusherEvent.h */ = {isa = PBXFileReference; fileEncoding = 4; lastKnownFileType = sourcecode.c.h; path = PTPusherEvent.h; sourceTree = "<group>"; };
		345EE08818F1C32400BC8581 /* PTPusherEvent.m */ = {isa = PBXFileReference; fileEncoding = 4; lastKnownFileType = sourcecode.c.objc; path = PTPusherEvent.m; sourceTree = "<group>"; };
		345EE08918F1C32400BC8581 /* PTPusherEventDispatcher.h */ = {isa = PBXFileReference; fileEncoding = 4; lastKnownFileType = sourcecode.c.h; path = PTPusherEventDispatcher.h; sourceTree = "<group>"; };
		345EE08A18F1C32400BC8581 /* PTPusherEventDispatcher.m */ = {isa = PBXFileReference; fileEncoding = 4; lastKnownFileType = sourcecode.c.objc; path = PTPusherEventDispatcher.m; sourceTree = "<group>"; };
		345EE08B18F1C32400BC8581 /* PTPusherEventPublisher.h */ = {isa = PBXFileReference; fileEncoding = 4; lastKnownFileType = sourcecode.c.h; path = PTPusherEventPublisher.h; sourceTree = "<group>"; };
		345EE08C18F1C32400BC8581 /* PTPusherMacros.h */ = {isa = PBXFileReference; fileEncoding = 4; lastKnownFileType = sourcecode.c.h; path = PTPusherMacros.h; sourceTree = "<group>"; };
		345EE08D18F1C32400BC8581 /* PTPusherMockConnection.h */ = {isa = PBXFileReference; fileEncoding = 4; lastKnownFileType = sourcecode.c.h; path = PTPusherMockConnection.h; sourceTree = "<group>"; };
		345EE08E18F1C32400BC8581 /* PTPusherMockConnection.m */ = {isa = PBXFileReference; fileEncoding = 4; lastKnownFileType = sourcecode.c.objc; path = PTPusherMockConnection.m; sourceTree = "<group>"; };
		345EE08F18F1C32400BC8581 /* PTPusherPresenceChannelDelegate.h */ = {isa = PBXFileReference; fileEncoding = 4; lastKnownFileType = sourcecode.c.h; path = PTPusherPresenceChannelDelegate.h; sourceTree = "<group>"; };
		345EE09018F1C32400BC8581 /* PTTargetActionEventListener.m */ = {isa = PBXFileReference; fileEncoding = 4; lastKnownFileType = sourcecode.c.objc; path = PTTargetActionEventListener.m; sourceTree = "<group>"; };
		345EE09118F1C32400BC8581 /* PTURLRequestOperation.m */ = {isa = PBXFileReference; fileEncoding = 4; lastKnownFileType = sourcecode.c.objc; path = PTURLRequestOperation.m; sourceTree = "<group>"; };
		345EE09218F1C32400BC8581 /* Pusher.h */ = {isa = PBXFileReference; fileEncoding = 4; lastKnownFileType = sourcecode.c.h; path = Pusher.h; sourceTree = "<group>"; };
		345EE0A318F1C67B00BC8581 /* SocketRocket-Prefix.pch */ = {isa = PBXFileReference; fileEncoding = 4; lastKnownFileType = sourcecode.c.h; path = "SocketRocket-Prefix.pch"; sourceTree = "<group>"; };
		345EE0A418F1C67B00BC8581 /* SRWebSocket.h */ = {isa = PBXFileReference; fileEncoding = 4; lastKnownFileType = sourcecode.c.h; path = SRWebSocket.h; sourceTree = "<group>"; };
		345EE0A518F1C67B00BC8581 /* SRWebSocket.m */ = {isa = PBXFileReference; fileEncoding = 4; lastKnownFileType = sourcecode.c.objc; path = SRWebSocket.m; sourceTree = "<group>"; };
		345EE0A718F1C78E00BC8581 /* CFNetwork.framework */ = {isa = PBXFileReference; lastKnownFileType = wrapper.framework; name = CFNetwork.framework; path = System/Library/Frameworks/CFNetwork.framework; sourceTree = SDKROOT; };
		345EE0A918F1C79600BC8581 /* libicucore.dylib */ = {isa = PBXFileReference; lastKnownFileType = "compiled.mach-o.dylib"; name = libicucore.dylib; path = usr/lib/libicucore.dylib; sourceTree = SDKROOT; };
		345EE0AB18F1C79D00BC8581 /* Security.framework */ = {isa = PBXFileReference; lastKnownFileType = wrapper.framework; name = Security.framework; path = System/Library/Frameworks/Security.framework; sourceTree = SDKROOT; };
		347D24EA18FEF5B6004270FA /* K9TrainingListTableViewController.h */ = {isa = PBXFileReference; fileEncoding = 4; lastKnownFileType = sourcecode.c.h; path = K9TrainingListTableViewController.h; sourceTree = "<group>"; };
		347D24EB18FEF5B6004270FA /* K9TrainingListTableViewController.m */ = {isa = PBXFileReference; fileEncoding = 4; lastKnownFileType = sourcecode.c.objc; path = K9TrainingListTableViewController.m; sourceTree = "<group>"; };
		347D24ED18FEF698004270FA /* K9Training.h */ = {isa = PBXFileReference; fileEncoding = 4; lastKnownFileType = sourcecode.c.h; path = K9Training.h; sourceTree = "<group>"; };
		347D24EE18FEF698004270FA /* K9Training.m */ = {isa = PBXFileReference; fileEncoding = 4; lastKnownFileType = sourcecode.c.objc; path = K9Training.m; sourceTree = "<group>"; };
		347D24F018FEF7D4004270FA /* K9TrainingDetailViewController.h */ = {isa = PBXFileReference; fileEncoding = 4; lastKnownFileType = sourcecode.c.h; path = K9TrainingDetailViewController.h; sourceTree = "<group>"; };
		347D24F118FEF7D4004270FA /* K9TrainingDetailViewController.m */ = {isa = PBXFileReference; fileEncoding = 4; lastKnownFileType = sourcecode.c.objc; path = K9TrainingDetailViewController.m; sourceTree = "<group>"; };
		347D24F318FF330A004270FA /* K9Preferences.h */ = {isa = PBXFileReference; fileEncoding = 4; lastKnownFileType = sourcecode.c.h; path = K9Preferences.h; sourceTree = "<group>"; };
		347D24F418FF330A004270FA /* K9Preferences.m */ = {isa = PBXFileReference; fileEncoding = 4; lastKnownFileType = sourcecode.c.objc; path = K9Preferences.m; sourceTree = "<group>"; };
		347D24F618FF3F21004270FA /* K9CertificationAndTrainingListViewController.h */ = {isa = PBXFileReference; fileEncoding = 4; lastKnownFileType = sourcecode.c.h; path = K9CertificationAndTrainingListViewController.h; sourceTree = "<group>"; };
		347D24F718FF3F21004270FA /* K9CertificationAndTrainingListViewController.m */ = {isa = PBXFileReference; fileEncoding = 4; lastKnownFileType = sourcecode.c.objc; path = K9CertificationAndTrainingListViewController.m; sourceTree = "<group>"; };
		347D24F918FF4417004270FA /* Klaus.gpx */ = {isa = PBXFileReference; lastKnownFileType = text.xml; path = Klaus.gpx; sourceTree = "<group>"; };
		34841AC318FF7DD200FD9125 /* K9ModelUtilities.h */ = {isa = PBXFileReference; lastKnownFileType = sourcecode.c.h; path = K9ModelUtilities.h; sourceTree = "<group>"; };
		34841B2A1900D4FC00FD9125 /* UIColor+DefaultTintColor.h */ = {isa = PBXFileReference; fileEncoding = 4; lastKnownFileType = sourcecode.c.h; path = "UIColor+DefaultTintColor.h"; sourceTree = "<group>"; };
		34841B2B1900D4FC00FD9125 /* UIColor+DefaultTintColor.m */ = {isa = PBXFileReference; fileEncoding = 4; lastKnownFileType = sourcecode.c.objc; path = "UIColor+DefaultTintColor.m"; sourceTree = "<group>"; };
		348D9F3218EF2D190051C9C8 /* K9DogNavigationViewController.h */ = {isa = PBXFileReference; fileEncoding = 4; lastKnownFileType = sourcecode.c.h; path = K9DogNavigationViewController.h; sourceTree = "<group>"; };
		348D9F3318EF2D190051C9C8 /* K9DogNavigationViewController.m */ = {isa = PBXFileReference; fileEncoding = 4; lastKnownFileType = sourcecode.c.objc; path = K9DogNavigationViewController.m; sourceTree = "<group>"; };
		348D9F3518EF329A0051C9C8 /* K9DogListViewController.h */ = {isa = PBXFileReference; fileEncoding = 4; lastKnownFileType = sourcecode.c.h; path = K9DogListViewController.h; sourceTree = "<group>"; };
		348D9F3618EF329A0051C9C8 /* K9DogListViewController.m */ = {isa = PBXFileReference; fileEncoding = 4; lastKnownFileType = sourcecode.c.objc; path = K9DogListViewController.m; sourceTree = "<group>"; };
		348D9F3918EF35E80051C9C8 /* K9DogViewController.h */ = {isa = PBXFileReference; fileEncoding = 4; lastKnownFileType = sourcecode.c.h; path = K9DogViewController.h; sourceTree = "<group>"; };
		348D9F3A18EF35E80051C9C8 /* K9DogViewController.m */ = {isa = PBXFileReference; fileEncoding = 4; lastKnownFileType = sourcecode.c.objc; path = K9DogViewController.m; sourceTree = "<group>"; };
		34D820AF18F069830098D7EC /* K9DogDetailViewController.h */ = {isa = PBXFileReference; fileEncoding = 4; lastKnownFileType = sourcecode.c.h; path = K9DogDetailViewController.h; sourceTree = "<group>"; };
		34D820B018F069830098D7EC /* K9DogDetailViewController.m */ = {isa = PBXFileReference; fileEncoding = 4; lastKnownFileType = sourcecode.c.objc; path = K9DogDetailViewController.m; sourceTree = "<group>"; };
		34D820B218F071950098D7EC /* K9RecentEventsViewController.h */ = {isa = PBXFileReference; fileEncoding = 4; lastKnownFileType = sourcecode.c.h; path = K9RecentEventsViewController.h; sourceTree = "<group>"; };
		34D820B318F071950098D7EC /* K9RecentEventsViewController.m */ = {isa = PBXFileReference; fileEncoding = 4; lastKnownFileType = sourcecode.c.objc; path = K9RecentEventsViewController.m; sourceTree = "<group>"; };
		34D820B718F093540098D7EC /* K9EventViewController.h */ = {isa = PBXFileReference; fileEncoding = 4; lastKnownFileType = sourcecode.c.h; path = K9EventViewController.h; sourceTree = "<group>"; };
		34D820B818F093540098D7EC /* K9EventViewController.m */ = {isa = PBXFileReference; fileEncoding = 4; lastKnownFileType = sourcecode.c.objc; path = K9EventViewController.m; sourceTree = "<group>"; };
		34D9094918FE12B90075C2D6 /* Forecastr+CLLocation.h */ = {isa = PBXFileReference; fileEncoding = 4; lastKnownFileType = sourcecode.c.h; path = "Forecastr+CLLocation.h"; sourceTree = "<group>"; };
		34D9094A18FE12B90075C2D6 /* Forecastr+CLLocation.m */ = {isa = PBXFileReference; fileEncoding = 4; lastKnownFileType = sourcecode.c.objc; path = "Forecastr+CLLocation.m"; sourceTree = "<group>"; };
		34D9094B18FE12B90075C2D6 /* Forecastr.h */ = {isa = PBXFileReference; fileEncoding = 4; lastKnownFileType = sourcecode.c.h; path = Forecastr.h; sourceTree = "<group>"; };
		34D9094C18FE12B90075C2D6 /* Forecastr.m */ = {isa = PBXFileReference; fileEncoding = 4; lastKnownFileType = sourcecode.c.objc; path = Forecastr.m; sourceTree = "<group>"; };
		34D9094D18FE12B90075C2D6 /* ForecastrAPIClient.h */ = {isa = PBXFileReference; fileEncoding = 4; lastKnownFileType = sourcecode.c.h; path = ForecastrAPIClient.h; sourceTree = "<group>"; };
		34D9094E18FE12B90075C2D6 /* ForecastrAPIClient.m */ = {isa = PBXFileReference; fileEncoding = 4; lastKnownFileType = sourcecode.c.objc; path = ForecastrAPIClient.m; sourceTree = "<group>"; };
		34D9094F18FE12B90075C2D6 /* ForecastrUnits.plist */ = {isa = PBXFileReference; fileEncoding = 4; lastKnownFileType = text.plist.xml; path = ForecastrUnits.plist; sourceTree = "<group>"; };
		34D9095418FE29EF0075C2D6 /* K9NewTrainingViewController.h */ = {isa = PBXFileReference; fileEncoding = 4; lastKnownFileType = sourcecode.c.h; path = K9NewTrainingViewController.h; sourceTree = "<group>"; };
		34D9095518FE29EF0075C2D6 /* K9NewTrainingViewController.m */ = {isa = PBXFileReference; fileEncoding = 4; lastKnownFileType = sourcecode.c.objc; path = K9NewTrainingViewController.m; sourceTree = "<group>"; };
		34D9095718FEEBD90075C2D6 /* K9Weather.h */ = {isa = PBXFileReference; fileEncoding = 4; lastKnownFileType = sourcecode.c.h; path = K9Weather.h; sourceTree = "<group>"; };
		34D9095818FEEBD90075C2D6 /* K9Weather.m */ = {isa = PBXFileReference; fileEncoding = 4; lastKnownFileType = sourcecode.c.objc; path = K9Weather.m; sourceTree = "<group>"; };
		34DE105D18F3340700FB21D8 /* ImageScrollView.h */ = {isa = PBXFileReference; fileEncoding = 4; lastKnownFileType = sourcecode.c.h; path = ImageScrollView.h; sourceTree = "<group>"; };
		34DE105E18F3340700FB21D8 /* ImageScrollView.m */ = {isa = PBXFileReference; fileEncoding = 4; lastKnownFileType = sourcecode.c.objc; path = ImageScrollView.m; sourceTree = "<group>"; };
		34DE106018F3382A00FB21D8 /* K9ResourceBrowserViewController.h */ = {isa = PBXFileReference; fileEncoding = 4; lastKnownFileType = sourcecode.c.h; path = K9ResourceBrowserViewController.h; sourceTree = "<group>"; };
		34DE106118F3382A00FB21D8 /* K9ResourceBrowserViewController.m */ = {isa = PBXFileReference; fileEncoding = 4; lastKnownFileType = sourcecode.c.objc; path = K9ResourceBrowserViewController.m; sourceTree = "<group>"; };
		34DE106318F338F000FB21D8 /* K9PhotoViewController.h */ = {isa = PBXFileReference; fileEncoding = 4; lastKnownFileType = sourcecode.c.h; path = K9PhotoViewController.h; sourceTree = "<group>"; };
		34DE106418F338F000FB21D8 /* K9PhotoViewController.m */ = {isa = PBXFileReference; fileEncoding = 4; lastKnownFileType = sourcecode.c.objc; path = K9PhotoViewController.m; sourceTree = "<group>"; };
		34DE106618F351E500FB21D8 /* UIImage+ImageEffects.h */ = {isa = PBXFileReference; fileEncoding = 4; lastKnownFileType = sourcecode.c.h; path = "UIImage+ImageEffects.h"; sourceTree = "<group>"; };
		34DE106718F351E500FB21D8 /* UIImage+ImageEffects.m */ = {isa = PBXFileReference; fileEncoding = 4; lastKnownFileType = sourcecode.c.objc; path = "UIImage+ImageEffects.m"; sourceTree = "<group>"; };
		34DE106918F351F400FB21D8 /* UIView+Screenshot.h */ = {isa = PBXFileReference; fileEncoding = 4; lastKnownFileType = sourcecode.c.h; path = "UIView+Screenshot.h"; sourceTree = "<group>"; };
		34DE106A18F351F400FB21D8 /* UIView+Screenshot.m */ = {isa = PBXFileReference; fileEncoding = 4; lastKnownFileType = sourcecode.c.objc; path = "UIView+Screenshot.m"; sourceTree = "<group>"; };
		34E4CBFA18F9E85B00CE61CF /* K9Attachment.h */ = {isa = PBXFileReference; fileEncoding = 4; lastKnownFileType = sourcecode.c.h; path = K9Attachment.h; sourceTree = "<group>"; };
		34E4CBFB18F9E85B00CE61CF /* K9Attachment.m */ = {isa = PBXFileReference; fileEncoding = 4; lastKnownFileType = sourcecode.c.objc; path = K9Attachment.m; sourceTree = "<group>"; };
/* End PBXFileReference section */

/* Begin PBXFrameworksBuildPhase section */
		34418A7518EF214C00F1D2A1 /* Frameworks */ = {
			isa = PBXFrameworksBuildPhase;
			buildActionMask = 2147483647;
			files = (
				3441347518F249650050B30F /* MapKit.framework in Frameworks */,
				345EE0AC18F1C79D00BC8581 /* Security.framework in Frameworks */,
				345EE0AA18F1C79600BC8581 /* libicucore.dylib in Frameworks */,
				345EE0A818F1C78E00BC8581 /* CFNetwork.framework in Frameworks */,
				34418A7E18EF214C00F1D2A1 /* CoreGraphics.framework in Frameworks */,
				34418A8018EF214C00F1D2A1 /* UIKit.framework in Frameworks */,
				34418A7C18EF214C00F1D2A1 /* Foundation.framework in Frameworks */,
			);
			runOnlyForDeploymentPostprocessing = 0;
		};
		34418A9018EF214C00F1D2A1 /* Frameworks */ = {
			isa = PBXFrameworksBuildPhase;
			buildActionMask = 2147483647;
			files = (
				34418A9518EF214C00F1D2A1 /* XCTest.framework in Frameworks */,
				34418A9718EF214C00F1D2A1 /* UIKit.framework in Frameworks */,
				34418A9618EF214C00F1D2A1 /* Foundation.framework in Frameworks */,
			);
			runOnlyForDeploymentPostprocessing = 0;
		};
/* End PBXFrameworksBuildPhase section */

/* Begin PBXGroup section */
		3437B41518FB8FBD0098F6C8 /* Views */ = {
			isa = PBXGroup;
			children = (
				34DE105D18F3340700FB21D8 /* ImageScrollView.h */,
				34DE105E18F3340700FB21D8 /* ImageScrollView.m */,
				3437B41618FB8FEE0098F6C8 /* K9CircularBorderImageView.h */,
				3437B41718FB8FEE0098F6C8 /* K9CircularBorderImageView.m */,
			);
			name = Views;
			sourceTree = "<group>";
		};
		3437B41918FC65EA0098F6C8 /* Training */ = {
			isa = PBXGroup;
			children = (
				3437B41218FB8BCB0098F6C8 /* K9TrainingNavigationViewController.h */,
				3437B41318FB8BCB0098F6C8 /* K9TrainingNavigationViewController.m */,
				347D24EA18FEF5B6004270FA /* K9TrainingListTableViewController.h */,
				347D24EB18FEF5B6004270FA /* K9TrainingListTableViewController.m */,
				347D24F018FEF7D4004270FA /* K9TrainingDetailViewController.h */,
				347D24F118FEF7D4004270FA /* K9TrainingDetailViewController.m */,
				34D9095418FE29EF0075C2D6 /* K9NewTrainingViewController.h */,
				34D9095518FE29EF0075C2D6 /* K9NewTrainingViewController.m */,
			);
			name = Training;
			sourceTree = "<group>";
		};
		34418A6F18EF214C00F1D2A1 = {
			isa = PBXGroup;
			children = (
				34418A8118EF214C00F1D2A1 /* FIDO K9 */,
				34418A9A18EF214C00F1D2A1 /* FIDO K9Tests */,
				34418A7A18EF214C00F1D2A1 /* Frameworks */,
				345EE03418F1AFAC00BC8581 /* AFNetworking */,
				345EE04818F1AFAC00BC8581 /* UIKit+AFNetworking */,
				345EE06B18F1C32300BC8581 /* libPusher */,
				345EE0A218F1C67B00BC8581 /* SocketRocket */,
				34D9094818FE12B90075C2D6 /* Forecastr */,
				34418A7918EF214C00F1D2A1 /* Products */,
			);
			sourceTree = "<group>";
		};
		34418A7918EF214C00F1D2A1 /* Products */ = {
			isa = PBXGroup;
			children = (
				34418A7818EF214C00F1D2A1 /* FIDO.app */,
				34418A9318EF214C00F1D2A1 /* FIDO K9Tests.xctest */,
			);
			name = Products;
			sourceTree = "<group>";
		};
		34418A7A18EF214C00F1D2A1 /* Frameworks */ = {
			isa = PBXGroup;
			children = (
				3441347418F249650050B30F /* MapKit.framework */,
				345EE0AB18F1C79D00BC8581 /* Security.framework */,
				345EE0A918F1C79600BC8581 /* libicucore.dylib */,
				345EE0A718F1C78E00BC8581 /* CFNetwork.framework */,
				34418A7B18EF214C00F1D2A1 /* Foundation.framework */,
				34418A7D18EF214C00F1D2A1 /* CoreGraphics.framework */,
				34418A7F18EF214C00F1D2A1 /* UIKit.framework */,
				34418A9418EF214C00F1D2A1 /* XCTest.framework */,
			);
			name = Frameworks;
			sourceTree = "<group>";
		};
		34418A8118EF214C00F1D2A1 /* FIDO K9 */ = {
			isa = PBXGroup;
			children = (
				34418A8A18EF214C00F1D2A1 /* K9AppDelegate.h */,
				34418A8B18EF214C00F1D2A1 /* K9AppDelegate.m */,
				347D24F318FF330A004270FA /* K9Preferences.h */,
				347D24F418FF330A004270FA /* K9Preferences.m */,
				348D9F3818EF34A20051C9C8 /* ViewControllers */,
				345EE02A18F1AB4600BC8581 /* Model */,
				3437B41518FB8FBD0098F6C8 /* Views */,
				34D9094718FE120A0075C2D6 /* Utilities */,
				34418AAA18EF23CD00F1D2A1 /* MainStoryboard_iPhone.storyboard */,
				347D24F918FF4417004270FA /* Klaus.gpx */,
				3437B41018FB379B0098F6C8 /* TestDog.jpg */,
				34418A8D18EF214C00F1D2A1 /* Images.xcassets */,
				34418A8218EF214C00F1D2A1 /* Supporting Files */,
			);
			path = "FIDO K9";
			sourceTree = "<group>";
		};
		34418A8218EF214C00F1D2A1 /* Supporting Files */ = {
			isa = PBXGroup;
			children = (
				34418A8318EF214C00F1D2A1 /* FIDO K9-Info.plist */,
				34418A8418EF214C00F1D2A1 /* InfoPlist.strings */,
				34418A8718EF214C00F1D2A1 /* main.m */,
				34418A8918EF214C00F1D2A1 /* FIDO K9-Prefix.pch */,
			);
			name = "Supporting Files";
			sourceTree = "<group>";
		};
		34418A9A18EF214C00F1D2A1 /* FIDO K9Tests */ = {
			isa = PBXGroup;
			children = (
				34418AA018EF214C00F1D2A1 /* FIDO_K9Tests.m */,
				34418A9B18EF214C00F1D2A1 /* Supporting Files */,
			);
			path = "FIDO K9Tests";
			sourceTree = "<group>";
		};
		34418A9B18EF214C00F1D2A1 /* Supporting Files */ = {
			isa = PBXGroup;
			children = (
				34418A9C18EF214C00F1D2A1 /* FIDO K9Tests-Info.plist */,
				34418A9D18EF214C00F1D2A1 /* InfoPlist.strings */,
			);
			name = "Supporting Files";
			sourceTree = "<group>";
		};
		345EE02A18F1AB4600BC8581 /* Model */ = {
			isa = PBXGroup;
			children = (
				345EE02B18F1AB5F00BC8581 /* K9Dog.h */,
				345EE02C18F1AB5F00BC8581 /* K9Dog.m */,
				345EE02E18F1ABD400BC8581 /* K9Event.h */,
				345EE02F18F1ABD400BC8581 /* K9Event.m */,
				34E4CBFA18F9E85B00CE61CF /* K9Attachment.h */,
				34E4CBFB18F9E85B00CE61CF /* K9Attachment.m */,
				345EE03118F1AC7F00BC8581 /* K9ObjectGraph.h */,
				345EE03218F1AC7F00BC8581 /* K9ObjectGraph.m */,
				3437B40418F9F5750098F6C8 /* K9Photo.h */,
				3437B40518F9F5750098F6C8 /* K9Photo.m */,
				34D9095718FEEBD90075C2D6 /* K9Weather.h */,
				34D9095818FEEBD90075C2D6 /* K9Weather.m */,
				347D24ED18FEF698004270FA /* K9Training.h */,
				347D24EE18FEF698004270FA /* K9Training.m */,
			);
			name = Model;
			sourceTree = "<group>";
		};
		345EE03418F1AFAC00BC8581 /* AFNetworking */ = {
			isa = PBXGroup;
			children = (
				345EE03518F1AFAC00BC8581 /* AFHTTPRequestOperation.h */,
				345EE03618F1AFAC00BC8581 /* AFHTTPRequestOperation.m */,
				345EE03718F1AFAC00BC8581 /* AFHTTPRequestOperationManager.h */,
				345EE03818F1AFAC00BC8581 /* AFHTTPRequestOperationManager.m */,
				345EE03918F1AFAC00BC8581 /* AFHTTPSessionManager.h */,
				345EE03A18F1AFAC00BC8581 /* AFHTTPSessionManager.m */,
				345EE03B18F1AFAC00BC8581 /* AFNetworking.h */,
				345EE03C18F1AFAC00BC8581 /* AFNetworkReachabilityManager.h */,
				345EE03D18F1AFAC00BC8581 /* AFNetworkReachabilityManager.m */,
				345EE03E18F1AFAC00BC8581 /* AFSecurityPolicy.h */,
				345EE03F18F1AFAC00BC8581 /* AFSecurityPolicy.m */,
				345EE04018F1AFAC00BC8581 /* AFURLConnectionOperation.h */,
				345EE04118F1AFAC00BC8581 /* AFURLConnectionOperation.m */,
				345EE04218F1AFAC00BC8581 /* AFURLRequestSerialization.h */,
				345EE04318F1AFAC00BC8581 /* AFURLRequestSerialization.m */,
				345EE04418F1AFAC00BC8581 /* AFURLResponseSerialization.h */,
				345EE04518F1AFAC00BC8581 /* AFURLResponseSerialization.m */,
				345EE04618F1AFAC00BC8581 /* AFURLSessionManager.h */,
				345EE04718F1AFAC00BC8581 /* AFURLSessionManager.m */,
			);
			name = AFNetworking;
			path = AFNetworking/AFNetworking;
			sourceTree = "<group>";
		};
		345EE04818F1AFAC00BC8581 /* UIKit+AFNetworking */ = {
			isa = PBXGroup;
			children = (
				345EE04918F1AFAC00BC8581 /* AFNetworkActivityIndicatorManager.h */,
				345EE04A18F1AFAC00BC8581 /* AFNetworkActivityIndicatorManager.m */,
				345EE04B18F1AFAC00BC8581 /* UIActivityIndicatorView+AFNetworking.h */,
				345EE04C18F1AFAC00BC8581 /* UIActivityIndicatorView+AFNetworking.m */,
				345EE04D18F1AFAC00BC8581 /* UIAlertView+AFNetworking.h */,
				345EE04E18F1AFAC00BC8581 /* UIAlertView+AFNetworking.m */,
				345EE04F18F1AFAC00BC8581 /* UIButton+AFNetworking.h */,
				345EE05018F1AFAC00BC8581 /* UIButton+AFNetworking.m */,
				345EE05118F1AFAC00BC8581 /* UIImageView+AFNetworking.h */,
				345EE05218F1AFAC00BC8581 /* UIImageView+AFNetworking.m */,
				345EE05318F1AFAC00BC8581 /* UIKit+AFNetworking.h */,
				345EE05418F1AFAC00BC8581 /* UIProgressView+AFNetworking.h */,
				345EE05518F1AFAC00BC8581 /* UIProgressView+AFNetworking.m */,
				345EE05618F1AFAC00BC8581 /* UIRefreshControl+AFNetworking.h */,
				345EE05718F1AFAC00BC8581 /* UIRefreshControl+AFNetworking.m */,
				345EE05818F1AFAC00BC8581 /* UIWebView+AFNetworking.h */,
				345EE05918F1AFAC00BC8581 /* UIWebView+AFNetworking.m */,
			);
			name = "UIKit+AFNetworking";
			path = "AFNetworking/UIKit+AFNetworking";
			sourceTree = "<group>";
		};
		345EE06B18F1C32300BC8581 /* libPusher */ = {
			isa = PBXGroup;
			children = (
				345EE06C18F1C32400BC8581 /* NSDictionary+QueryString.m */,
				345EE06D18F1C32400BC8581 /* NSString+Hashing.m */,
				345EE06E18F1C32400BC8581 /* Private Headers */,
				345EE07718F1C32400BC8581 /* PTBlockEventListener.m */,
				345EE07818F1C32400BC8581 /* PTEventListener.h */,
				345EE07918F1C32400BC8581 /* PTJSON.m */,
				345EE07A18F1C32400BC8581 /* PTPusher+Testing.h */,
				345EE07B18F1C32400BC8581 /* PTPusher+Testing.m */,
				345EE07C18F1C32400BC8581 /* PTPusher.h */,
				345EE07D18F1C32400BC8581 /* PTPusher.m */,
				345EE07E18F1C32400BC8581 /* PTPusherAPI.h */,
				345EE07F18F1C32400BC8581 /* PTPusherAPI.m */,
				345EE08018F1C32400BC8581 /* PTPusherChannel.h */,
				345EE08118F1C32400BC8581 /* PTPusherChannel.m */,
				345EE08218F1C32400BC8581 /* PTPusherChannelAuthorizationOperation.m */,
				345EE08318F1C32400BC8581 /* PTPusherConnection.h */,
				345EE08418F1C32400BC8581 /* PTPusherConnection.m */,
				345EE08518F1C32400BC8581 /* PTPusherDelegate.h */,
				345EE08618F1C32400BC8581 /* PTPusherErrors.h */,
				345EE08718F1C32400BC8581 /* PTPusherEvent.h */,
				345EE08818F1C32400BC8581 /* PTPusherEvent.m */,
				345EE08918F1C32400BC8581 /* PTPusherEventDispatcher.h */,
				345EE08A18F1C32400BC8581 /* PTPusherEventDispatcher.m */,
				345EE08B18F1C32400BC8581 /* PTPusherEventPublisher.h */,
				345EE08C18F1C32400BC8581 /* PTPusherMacros.h */,
				345EE08D18F1C32400BC8581 /* PTPusherMockConnection.h */,
				345EE08E18F1C32400BC8581 /* PTPusherMockConnection.m */,
				345EE08F18F1C32400BC8581 /* PTPusherPresenceChannelDelegate.h */,
				345EE09018F1C32400BC8581 /* PTTargetActionEventListener.m */,
				345EE09118F1C32400BC8581 /* PTURLRequestOperation.m */,
				345EE09218F1C32400BC8581 /* Pusher.h */,
			);
			name = libPusher;
			path = libPusher/Library;
			sourceTree = "<group>";
		};
		345EE06E18F1C32400BC8581 /* Private Headers */ = {
			isa = PBXGroup;
			children = (
				345EE06F18F1C32400BC8581 /* NSDictionary+QueryString.h */,
				345EE07018F1C32400BC8581 /* NSString+Hashing.h */,
				345EE07118F1C32400BC8581 /* PTBlockEventListener.h */,
				345EE07218F1C32400BC8581 /* PTJSON.h */,
				345EE07318F1C32400BC8581 /* PTPusherChannel_Private.h */,
				345EE07418F1C32400BC8581 /* PTPusherChannelAuthorizationOperation.h */,
				345EE07518F1C32400BC8581 /* PTTargetActionEventListener.h */,
				345EE07618F1C32400BC8581 /* PTURLRequestOperation.h */,
			);
			path = "Private Headers";
			sourceTree = "<group>";
		};
		345EE0A218F1C67B00BC8581 /* SocketRocket */ = {
			isa = PBXGroup;
			children = (
				345EE0A318F1C67B00BC8581 /* SocketRocket-Prefix.pch */,
				345EE0A418F1C67B00BC8581 /* SRWebSocket.h */,
				345EE0A518F1C67B00BC8581 /* SRWebSocket.m */,
			);
			name = SocketRocket;
			path = SocketRocket/SocketRocket;
			sourceTree = "<group>";
		};
		348D9F3818EF34A20051C9C8 /* ViewControllers */ = {
			isa = PBXGroup;
			children = (
				34D820B618F071AE0098D7EC /* Event List + Details */,
				34D820B518F0719C0098D7EC /* Dog List + Details */,
				3437B41918FC65EA0098F6C8 /* Training */,
			);
			name = ViewControllers;
			sourceTree = "<group>";
		};
		34D820B518F0719C0098D7EC /* Dog List + Details */ = {
			isa = PBXGroup;
			children = (
				348D9F3218EF2D190051C9C8 /* K9DogNavigationViewController.h */,
				348D9F3318EF2D190051C9C8 /* K9DogNavigationViewController.m */,
				348D9F3518EF329A0051C9C8 /* K9DogListViewController.h */,
				348D9F3618EF329A0051C9C8 /* K9DogListViewController.m */,
				348D9F3918EF35E80051C9C8 /* K9DogViewController.h */,
				348D9F3A18EF35E80051C9C8 /* K9DogViewController.m */,
				34D820AF18F069830098D7EC /* K9DogDetailViewController.h */,
				34D820B018F069830098D7EC /* K9DogDetailViewController.m */,
				3437B40118F9EFCD0098F6C8 /* K9AttachmentListViewController.h */,
				3437B40218F9EFCD0098F6C8 /* K9AttachmentListViewController.m */,
				347D24F618FF3F21004270FA /* K9CertificationAndTrainingListViewController.h */,
				347D24F718FF3F21004270FA /* K9CertificationAndTrainingListViewController.m */,
			);
			name = "Dog List + Details";
			sourceTree = "<group>";
		};
		34D820B618F071AE0098D7EC /* Event List + Details */ = {
			isa = PBXGroup;
			children = (
				34D820B218F071950098D7EC /* K9RecentEventsViewController.h */,
				34D820B318F071950098D7EC /* K9RecentEventsViewController.m */,
				34D820B718F093540098D7EC /* K9EventViewController.h */,
				34D820B818F093540098D7EC /* K9EventViewController.m */,
				3437B40718F9FA3A0098F6C8 /* K9EventDetailViewController.h */,
				3437B40818F9FA3A0098F6C8 /* K9EventDetailViewController.m */,
				3441347618F24B5F0050B30F /* K9ResourcesCollectionViewController.h */,
				3441347718F24B600050B30F /* K9ResourcesCollectionViewController.m */,
				34DE106018F3382A00FB21D8 /* K9ResourceBrowserViewController.h */,
				34DE106118F3382A00FB21D8 /* K9ResourceBrowserViewController.m */,
				34DE106318F338F000FB21D8 /* K9PhotoViewController.h */,
				34DE106418F338F000FB21D8 /* K9PhotoViewController.m */,
				3437B40D18FB1C5D0098F6C8 /* K9DogAvatarViewController.h */,
				3437B40E18FB1C5D0098F6C8 /* K9DogAvatarViewController.m */,
			);
			name = "Event List + Details";
			sourceTree = "<group>";
		};
		34D9094718FE120A0075C2D6 /* Utilities */ = {
			isa = PBXGroup;
			children = (
				34841B2A1900D4FC00FD9125 /* UIColor+DefaultTintColor.h */,
				34841B2B1900D4FC00FD9125 /* UIColor+DefaultTintColor.m */,
				34DE106618F351E500FB21D8 /* UIImage+ImageEffects.h */,
				34DE106718F351E500FB21D8 /* UIImage+ImageEffects.m */,
				34DE106918F351F400FB21D8 /* UIView+Screenshot.h */,
				34DE106A18F351F400FB21D8 /* UIView+Screenshot.m */,
				34841AC318FF7DD200FD9125 /* K9ModelUtilities.h */,
			);
			name = Utilities;
			sourceTree = "<group>";
		};
		34D9094818FE12B90075C2D6 /* Forecastr */ = {
			isa = PBXGroup;
			children = (
				34D9094918FE12B90075C2D6 /* Forecastr+CLLocation.h */,
				34D9094A18FE12B90075C2D6 /* Forecastr+CLLocation.m */,
				34D9094B18FE12B90075C2D6 /* Forecastr.h */,
				34D9094C18FE12B90075C2D6 /* Forecastr.m */,
				34D9094D18FE12B90075C2D6 /* ForecastrAPIClient.h */,
				34D9094E18FE12B90075C2D6 /* ForecastrAPIClient.m */,
				34D9094F18FE12B90075C2D6 /* ForecastrUnits.plist */,
			);
			name = Forecastr;
			path = Forecastr/Forecastr;
			sourceTree = "<group>";
		};
/* End PBXGroup section */

/* Begin PBXNativeTarget section */
		34418A7718EF214C00F1D2A1 /* FIDO K9 */ = {
			isa = PBXNativeTarget;
			buildConfigurationList = 34418AA418EF214D00F1D2A1 /* Build configuration list for PBXNativeTarget "FIDO K9" */;
			buildPhases = (
				34418A7418EF214C00F1D2A1 /* Sources */,
				34418A7518EF214C00F1D2A1 /* Frameworks */,
				34418A7618EF214C00F1D2A1 /* Resources */,
			);
			buildRules = (
			);
			dependencies = (
			);
			name = "FIDO K9";
			productName = "FIDO K9";
			productReference = 34418A7818EF214C00F1D2A1 /* FIDO.app */;
			productType = "com.apple.product-type.application";
		};
		34418A9218EF214C00F1D2A1 /* FIDO K9Tests */ = {
			isa = PBXNativeTarget;
			buildConfigurationList = 34418AA718EF214D00F1D2A1 /* Build configuration list for PBXNativeTarget "FIDO K9Tests" */;
			buildPhases = (
				34418A8F18EF214C00F1D2A1 /* Sources */,
				34418A9018EF214C00F1D2A1 /* Frameworks */,
				34418A9118EF214C00F1D2A1 /* Resources */,
			);
			buildRules = (
			);
			dependencies = (
				34418A9918EF214C00F1D2A1 /* PBXTargetDependency */,
			);
			name = "FIDO K9Tests";
			productName = "FIDO K9Tests";
			productReference = 34418A9318EF214C00F1D2A1 /* FIDO K9Tests.xctest */;
			productType = "com.apple.product-type.bundle.unit-test";
		};
/* End PBXNativeTarget section */

/* Begin PBXProject section */
		34418A7018EF214C00F1D2A1 /* Project object */ = {
			isa = PBXProject;
			attributes = {
				CLASSPREFIX = K9;
				LastUpgradeCheck = 0510;
				ORGANIZATIONNAME = FIDO;
				TargetAttributes = {
					34418A7718EF214C00F1D2A1 = {
						DevelopmentTeam = 9N79E8SMNY;
						SystemCapabilities = {
							com.apple.BackgroundModes = {
								enabled = 1;
							};
							com.apple.iOS = {
								enabled = 1;
							};
						};
					};
					34418A9218EF214C00F1D2A1 = {
						TestTargetID = 34418A7718EF214C00F1D2A1;
					};
				};
			};
			buildConfigurationList = 34418A7318EF214C00F1D2A1 /* Build configuration list for PBXProject "FIDO K9" */;
			compatibilityVersion = "Xcode 3.2";
			developmentRegion = English;
			hasScannedForEncodings = 0;
			knownRegions = (
				en,
			);
			mainGroup = 34418A6F18EF214C00F1D2A1;
			productRefGroup = 34418A7918EF214C00F1D2A1 /* Products */;
			projectDirPath = "";
			projectRoot = "";
			targets = (
				34418A7718EF214C00F1D2A1 /* FIDO K9 */,
				34418A9218EF214C00F1D2A1 /* FIDO K9Tests */,
			);
		};
/* End PBXProject section */

/* Begin PBXResourcesBuildPhase section */
		34418A7618EF214C00F1D2A1 /* Resources */ = {
			isa = PBXResourcesBuildPhase;
			buildActionMask = 2147483647;
			files = (
				3437B41118FB379B0098F6C8 /* TestDog.jpg in Resources */,
				34418AAB18EF23CD00F1D2A1 /* MainStoryboard_iPhone.storyboard in Resources */,
				34D9095318FE12B90075C2D6 /* ForecastrUnits.plist in Resources */,
				34418A8618EF214C00F1D2A1 /* InfoPlist.strings in Resources */,
				34418A8E18EF214C00F1D2A1 /* Images.xcassets in Resources */,
			);
			runOnlyForDeploymentPostprocessing = 0;
		};
		34418A9118EF214C00F1D2A1 /* Resources */ = {
			isa = PBXResourcesBuildPhase;
			buildActionMask = 2147483647;
			files = (
				34418A9F18EF214C00F1D2A1 /* InfoPlist.strings in Resources */,
			);
			runOnlyForDeploymentPostprocessing = 0;
		};
/* End PBXResourcesBuildPhase section */

/* Begin PBXSourcesBuildPhase section */
		34418A7418EF214C00F1D2A1 /* Sources */ = {
			isa = PBXSourcesBuildPhase;
			buildActionMask = 2147483647;
			files = (
				345EE09F18F1C32400BC8581 /* PTPusherMockConnection.m in Sources */,
				345EE09518F1C32400BC8581 /* PTBlockEventListener.m in Sources */,
				345EE09618F1C32400BC8581 /* PTJSON.m in Sources */,
				345EE05A18F1AFAC00BC8581 /* AFHTTPRequestOperation.m in Sources */,
				345EE02D18F1AB5F00BC8581 /* K9Dog.m in Sources */,
				34D820B418F071950098D7EC /* K9RecentEventsViewController.m in Sources */,
				348D9F3B18EF35E80051C9C8 /* K9DogViewController.m in Sources */,
				34DE105F18F3340700FB21D8 /* ImageScrollView.m in Sources */,
				345EE03318F1AC7F00BC8581 /* K9ObjectGraph.m in Sources */,
				3437B41818FB8FEE0098F6C8 /* K9CircularBorderImageView.m in Sources */,
				345EE06318F1AFAC00BC8581 /* AFNetworkActivityIndicatorManager.m in Sources */,
				3437B40318F9EFCD0098F6C8 /* K9AttachmentListViewController.m in Sources */,
				345EE09D18F1C32400BC8581 /* PTPusherEvent.m in Sources */,
				345EE09C18F1C32400BC8581 /* PTPusherConnection.m in Sources */,
				345EE09318F1C32400BC8581 /* NSDictionary+QueryString.m in Sources */,
				3437B40918F9FA3A0098F6C8 /* K9EventDetailViewController.m in Sources */,
				345EE06218F1AFAC00BC8581 /* AFURLSessionManager.m in Sources */,
				345EE0A018F1C32400BC8581 /* PTTargetActionEventListener.m in Sources */,
				34DE106518F338F000FB21D8 /* K9PhotoViewController.m in Sources */,
				3437B40618F9F5750098F6C8 /* K9Photo.m in Sources */,
				345EE05C18F1AFAC00BC8581 /* AFHTTPSessionManager.m in Sources */,
				34418A8C18EF214C00F1D2A1 /* K9AppDelegate.m in Sources */,
				34DE106218F3382A00FB21D8 /* K9ResourceBrowserViewController.m in Sources */,
				345EE0A618F1C67B00BC8581 /* SRWebSocket.m in Sources */,
				345EE09818F1C32400BC8581 /* PTPusher.m in Sources */,
				345EE09B18F1C32400BC8581 /* PTPusherChannelAuthorizationOperation.m in Sources */,
				345EE05D18F1AFAC00BC8581 /* AFNetworkReachabilityManager.m in Sources */,
				34DE106818F351E500FB21D8 /* UIImage+ImageEffects.m in Sources */,
				34841B2C1900D4FC00FD9125 /* UIColor+DefaultTintColor.m in Sources */,
				34DE106B18F351F400FB21D8 /* UIView+Screenshot.m in Sources */,
				345EE03018F1ABD400BC8581 /* K9Event.m in Sources */,
				345EE06718F1AFAC00BC8581 /* UIImageView+AFNetworking.m in Sources */,
				34D9095618FE29EF0075C2D6 /* K9NewTrainingViewController.m in Sources */,
				347D24F518FF330A004270FA /* K9Preferences.m in Sources */,
				345EE06818F1AFAC00BC8581 /* UIProgressView+AFNetworking.m in Sources */,
				345EE06118F1AFAC00BC8581 /* AFURLResponseSerialization.m in Sources */,
				345EE09918F1C32400BC8581 /* PTPusherAPI.m in Sources */,
				345EE06918F1AFAC00BC8581 /* UIRefreshControl+AFNetworking.m in Sources */,
				345EE06018F1AFAC00BC8581 /* AFURLRequestSerialization.m in Sources */,
				345EE09E18F1C32400BC8581 /* PTPusherEventDispatcher.m in Sources */,
				34D9095918FEEBD90075C2D6 /* K9Weather.m in Sources */,
				347D24EF18FEF698004270FA /* K9Training.m in Sources */,
				345EE05F18F1AFAC00BC8581 /* AFURLConnectionOperation.m in Sources */,
				345EE06618F1AFAC00BC8581 /* UIButton+AFNetworking.m in Sources */,
				34D9095118FE12B90075C2D6 /* Forecastr.m in Sources */,
				347D24F818FF3F21004270FA /* K9CertificationAndTrainingListViewController.m in Sources */,
				345EE06418F1AFAC00BC8581 /* UIActivityIndicatorView+AFNetworking.m in Sources */,
				347D24EC18FEF5B6004270FA /* K9TrainingListTableViewController.m in Sources */,
				34D9095218FE12B90075C2D6 /* ForecastrAPIClient.m in Sources */,
				345EE05B18F1AFAC00BC8581 /* AFHTTPRequestOperationManager.m in Sources */,
				34418A8818EF214C00F1D2A1 /* main.m in Sources */,
				348D9F3718EF329A0051C9C8 /* K9DogListViewController.m in Sources */,
				345EE05E18F1AFAC00BC8581 /* AFSecurityPolicy.m in Sources */,
				345EE09418F1C32400BC8581 /* NSString+Hashing.m in Sources */,
				34D820B118F069830098D7EC /* K9DogDetailViewController.m in Sources */,
				3441347818F24B600050B30F /* K9ResourcesCollectionViewController.m in Sources */,
				34D9095018FE12B90075C2D6 /* Forecastr+CLLocation.m in Sources */,
				345EE06A18F1AFAC00BC8581 /* UIWebView+AFNetworking.m in Sources */,
				348D9F3418EF2D190051C9C8 /* K9DogNavigationViewController.m in Sources */,
				345EE0A118F1C32400BC8581 /* PTURLRequestOperation.m in Sources */,
				345EE09A18F1C32400BC8581 /* PTPusherChannel.m in Sources */,
				345EE09718F1C32400BC8581 /* PTPusher+Testing.m in Sources */,
				34D820B918F093540098D7EC /* K9EventViewController.m in Sources */,
				3437B41418FB8BCB0098F6C8 /* K9TrainingNavigationViewController.m in Sources */,
				347D24F218FEF7D4004270FA /* K9TrainingDetailViewController.m in Sources */,
				34E4CBFC18F9E85B00CE61CF /* K9Attachment.m in Sources */,
				3437B40F18FB1C5D0098F6C8 /* K9DogAvatarViewController.m in Sources */,
				345EE06518F1AFAC00BC8581 /* UIAlertView+AFNetworking.m in Sources */,
			);
			runOnlyForDeploymentPostprocessing = 0;
		};
		34418A8F18EF214C00F1D2A1 /* Sources */ = {
			isa = PBXSourcesBuildPhase;
			buildActionMask = 2147483647;
			files = (
				34418AA118EF214C00F1D2A1 /* FIDO_K9Tests.m in Sources */,
			);
			runOnlyForDeploymentPostprocessing = 0;
		};
/* End PBXSourcesBuildPhase section */

/* Begin PBXTargetDependency section */
		34418A9918EF214C00F1D2A1 /* PBXTargetDependency */ = {
			isa = PBXTargetDependency;
			target = 34418A7718EF214C00F1D2A1 /* FIDO K9 */;
			targetProxy = 34418A9818EF214C00F1D2A1 /* PBXContainerItemProxy */;
		};
/* End PBXTargetDependency section */

/* Begin PBXVariantGroup section */
		34418A8418EF214C00F1D2A1 /* InfoPlist.strings */ = {
			isa = PBXVariantGroup;
			children = (
				34418A8518EF214C00F1D2A1 /* en */,
			);
			name = InfoPlist.strings;
			sourceTree = "<group>";
		};
		34418A9D18EF214C00F1D2A1 /* InfoPlist.strings */ = {
			isa = PBXVariantGroup;
			children = (
				34418A9E18EF214C00F1D2A1 /* en */,
			);
			name = InfoPlist.strings;
			sourceTree = "<group>";
		};
/* End PBXVariantGroup section */

/* Begin XCBuildConfiguration section */
		34418AA218EF214D00F1D2A1 /* Debug */ = {
			isa = XCBuildConfiguration;
			buildSettings = {
				ALWAYS_SEARCH_USER_PATHS = NO;
				CLANG_CXX_LANGUAGE_STANDARD = "gnu++0x";
				CLANG_CXX_LIBRARY = "libc++";
				CLANG_ENABLE_MODULES = YES;
				CLANG_ENABLE_OBJC_ARC = YES;
				CLANG_WARN_BOOL_CONVERSION = YES;
				CLANG_WARN_CONSTANT_CONVERSION = YES;
				CLANG_WARN_DIRECT_OBJC_ISA_USAGE = YES_ERROR;
				CLANG_WARN_EMPTY_BODY = YES;
				CLANG_WARN_ENUM_CONVERSION = YES;
				CLANG_WARN_INT_CONVERSION = YES;
				CLANG_WARN_OBJC_ROOT_CLASS = YES_ERROR;
				CLANG_WARN__DUPLICATE_METHOD_MATCH = YES;
				"CODE_SIGN_IDENTITY[sdk=iphoneos*]" = "iPhone Developer";
				COPY_PHASE_STRIP = NO;
				GCC_C_LANGUAGE_STANDARD = gnu99;
				GCC_DYNAMIC_NO_PIC = NO;
				GCC_OPTIMIZATION_LEVEL = 0;
				GCC_PREPROCESSOR_DEFINITIONS = (
					"DEBUG=1",
					"$(inherited)",
				);
				GCC_SYMBOLS_PRIVATE_EXTERN = NO;
				GCC_WARN_64_TO_32_BIT_CONVERSION = YES;
				GCC_WARN_ABOUT_RETURN_TYPE = YES_ERROR;
				GCC_WARN_UNDECLARED_SELECTOR = YES;
				GCC_WARN_UNINITIALIZED_AUTOS = YES_AGGRESSIVE;
				GCC_WARN_UNUSED_FUNCTION = YES;
				GCC_WARN_UNUSED_VARIABLE = YES;
				IPHONEOS_DEPLOYMENT_TARGET = 7.1;
				ONLY_ACTIVE_ARCH = YES;
				SDKROOT = iphoneos;
				TARGETED_DEVICE_FAMILY = "1,2";
			};
			name = Debug;
		};
		34418AA318EF214D00F1D2A1 /* Release */ = {
			isa = XCBuildConfiguration;
			buildSettings = {
				ALWAYS_SEARCH_USER_PATHS = NO;
				CLANG_CXX_LANGUAGE_STANDARD = "gnu++0x";
				CLANG_CXX_LIBRARY = "libc++";
				CLANG_ENABLE_MODULES = YES;
				CLANG_ENABLE_OBJC_ARC = YES;
				CLANG_WARN_BOOL_CONVERSION = YES;
				CLANG_WARN_CONSTANT_CONVERSION = YES;
				CLANG_WARN_DIRECT_OBJC_ISA_USAGE = YES_ERROR;
				CLANG_WARN_EMPTY_BODY = YES;
				CLANG_WARN_ENUM_CONVERSION = YES;
				CLANG_WARN_INT_CONVERSION = YES;
				CLANG_WARN_OBJC_ROOT_CLASS = YES_ERROR;
				CLANG_WARN__DUPLICATE_METHOD_MATCH = YES;
				"CODE_SIGN_IDENTITY[sdk=iphoneos*]" = "iPhone Developer";
				COPY_PHASE_STRIP = YES;
				ENABLE_NS_ASSERTIONS = NO;
				GCC_C_LANGUAGE_STANDARD = gnu99;
				GCC_WARN_64_TO_32_BIT_CONVERSION = YES;
				GCC_WARN_ABOUT_RETURN_TYPE = YES_ERROR;
				GCC_WARN_UNDECLARED_SELECTOR = YES;
				GCC_WARN_UNINITIALIZED_AUTOS = YES_AGGRESSIVE;
				GCC_WARN_UNUSED_FUNCTION = YES;
				GCC_WARN_UNUSED_VARIABLE = YES;
				IPHONEOS_DEPLOYMENT_TARGET = 7.1;
				SDKROOT = iphoneos;
				TARGETED_DEVICE_FAMILY = "1,2";
				VALIDATE_PRODUCT = YES;
			};
			name = Release;
		};
		34418AA518EF214D00F1D2A1 /* Debug */ = {
			isa = XCBuildConfiguration;
			buildSettings = {
				ASSETCATALOG_COMPILER_APPICON_NAME = AppIcon;
				ASSETCATALOG_COMPILER_LAUNCHIMAGE_NAME = LaunchImage;
				CODE_SIGN_IDENTITY = "iPhone Developer";
				"CODE_SIGN_IDENTITY[sdk=iphoneos*]" = "iPhone Developer";
				GCC_PRECOMPILE_PREFIX_HEADER = YES;
				GCC_PREFIX_HEADER = "FIDO K9/FIDO K9-Prefix.pch";
				INFOPLIST_FILE = "FIDO K9/FIDO K9-Info.plist";
				PRODUCT_NAME = "$(TARGET_NAME)";
				PROVISIONING_PROFILE = "";
				WRAPPER_EXTENSION = app;
			};
			name = Debug;
		};
		34418AA618EF214D00F1D2A1 /* Release */ = {
			isa = XCBuildConfiguration;
			buildSettings = {
				ASSETCATALOG_COMPILER_APPICON_NAME = AppIcon;
				ASSETCATALOG_COMPILER_LAUNCHIMAGE_NAME = LaunchImage;
				CODE_SIGN_IDENTITY = "iPhone Developer";
				"CODE_SIGN_IDENTITY[sdk=iphoneos*]" = "iPhone Developer";
				GCC_PRECOMPILE_PREFIX_HEADER = YES;
				GCC_PREFIX_HEADER = "FIDO K9/FIDO K9-Prefix.pch";
				INFOPLIST_FILE = "FIDO K9/FIDO K9-Info.plist";
				PRODUCT_NAME = "$(TARGET_NAME)";
				PROVISIONING_PROFILE = "";
				WRAPPER_EXTENSION = app;
			};
			name = Release;
		};
		34418AA818EF214D00F1D2A1 /* Debug */ = {
			isa = XCBuildConfiguration;
			buildSettings = {
				BUNDLE_LOADER = "$(BUILT_PRODUCTS_DIR)/FIDO K9.app/FIDO K9";
				FRAMEWORK_SEARCH_PATHS = (
					"$(SDKROOT)/Developer/Library/Frameworks",
					"$(inherited)",
					"$(DEVELOPER_FRAMEWORKS_DIR)",
				);
				GCC_PRECOMPILE_PREFIX_HEADER = YES;
				GCC_PREFIX_HEADER = "FIDO K9/FIDO K9-Prefix.pch";
				GCC_PREPROCESSOR_DEFINITIONS = (
					"DEBUG=1",
					"$(inherited)",
				);
				INFOPLIST_FILE = "FIDO K9Tests/FIDO K9Tests-Info.plist";
				PRODUCT_NAME = "$(TARGET_NAME)";
				TEST_HOST = "$(BUNDLE_LOADER)";
				WRAPPER_EXTENSION = xctest;
			};
			name = Debug;
		};
		34418AA918EF214D00F1D2A1 /* Release */ = {
			isa = XCBuildConfiguration;
			buildSettings = {
				BUNDLE_LOADER = "$(BUILT_PRODUCTS_DIR)/FIDO K9.app/FIDO K9";
				FRAMEWORK_SEARCH_PATHS = (
					"$(SDKROOT)/Developer/Library/Frameworks",
					"$(inherited)",
					"$(DEVELOPER_FRAMEWORKS_DIR)",
				);
				GCC_PRECOMPILE_PREFIX_HEADER = YES;
				GCC_PREFIX_HEADER = "FIDO K9/FIDO K9-Prefix.pch";
				INFOPLIST_FILE = "FIDO K9Tests/FIDO K9Tests-Info.plist";
				PRODUCT_NAME = "$(TARGET_NAME)";
				TEST_HOST = "$(BUNDLE_LOADER)";
				WRAPPER_EXTENSION = xctest;
			};
			name = Release;
		};
/* End XCBuildConfiguration section */

/* Begin XCConfigurationList section */
		34418A7318EF214C00F1D2A1 /* Build configuration list for PBXProject "FIDO K9" */ = {
			isa = XCConfigurationList;
			buildConfigurations = (
				34418AA218EF214D00F1D2A1 /* Debug */,
				34418AA318EF214D00F1D2A1 /* Release */,
			);
			defaultConfigurationIsVisible = 0;
			defaultConfigurationName = Release;
		};
		34418AA418EF214D00F1D2A1 /* Build configuration list for PBXNativeTarget "FIDO K9" */ = {
			isa = XCConfigurationList;
			buildConfigurations = (
				34418AA518EF214D00F1D2A1 /* Debug */,
				34418AA618EF214D00F1D2A1 /* Release */,
			);
			defaultConfigurationIsVisible = 0;
			defaultConfigurationName = Release;
		};
		34418AA718EF214D00F1D2A1 /* Build configuration list for PBXNativeTarget "FIDO K9Tests" */ = {
			isa = XCConfigurationList;
			buildConfigurations = (
				34418AA818EF214D00F1D2A1 /* Debug */,
				34418AA918EF214D00F1D2A1 /* Release */,
			);
			defaultConfigurationIsVisible = 0;
			defaultConfigurationName = Release;
		};
/* End XCConfigurationList section */
	};
	rootObject = 34418A7018EF214C00F1D2A1 /* Project object */;
}
